
Microsoft Visual Studio Solution File, Format Version 12.00
# Visual Studio 2012
Project("{8BC9CEB8-8B4A-11D0-8D11-00A0C91BC942}") = "realizer", "realizer\realizer.vcxproj", "{936EDD66-ABBF-40E5-804B-564DA1BFEDE9}"
	ProjectSection(ProjectDependencies) = postProject
		{BD3D8A71-E80C-42DB-B0F3-59F9AA8660E5} = {BD3D8A71-E80C-42DB-B0F3-59F9AA8660E5}
	EndProjectSection
EndProject
Project("{8BC9CEB8-8B4A-11D0-8D11-00A0C91BC942}") = "raise", "..\..\raise\raise\raise.vcxproj", "{BD3D8A71-E80C-42DB-B0F3-59F9AA8660E5}"
EndProject
Project("{2150E333-8FDC-42A3-9474-1A3956D46DE8}") = "Examples", "Examples", "{A0522352-DC14-4D03-B847-D3355A621347}"
EndProject
Project("{2150E333-8FDC-42A3-9474-1A3956D46DE8}") = "Plugins", "Plugins", "{AE225766-452C-4509-90D8-EEBEB8BE1A4E}"
EndProject
Project("{8BC9CEB8-8B4A-11D0-8D11-00A0C91BC942}") = "demo_realizer", "examples\demo_realizer\demo_realizer.vcxproj", "{53A084DD-87AB-4BB7-B087-DBBD7A9E3B7F}"
	ProjectSection(ProjectDependencies) = postProject
		{936EDD66-ABBF-40E5-804B-564DA1BFEDE9} = {936EDD66-ABBF-40E5-804B-564DA1BFEDE9}
	EndProjectSection
EndProject
Project("{8BC9CEB8-8B4A-11D0-8D11-00A0C91BC942}") = "raise-test", "..\..\raise\test\test.vcxproj", "{865A2852-367D-4A04-B17E-B4053AABFA6F}"
EndProject
Project("{2150E333-8FDC-42A3-9474-1A3956D46DE8}") = "Games", "Games", "{940CE870-C174-4EAF-BA37-BF880F47F91A}"
EndProject
Project("{2150E333-8FDC-42A3-9474-1A3956D46DE8}") = "Damned World", "Damned World", "{1BBD7BB8-43C1-42D9-A4B2-0E7A2E8F3FDE}"
EndProject
Project("{8BC9CEB8-8B4A-11D0-8D11-00A0C91BC942}") = "dwclient", "..\..\DamnedWorld\src\dwclient\dwclient.vcxproj", "{AD815BC5-7E77-4F87-AB30-2FE0FC69EC62}"
	ProjectSection(ProjectDependencies) = postProject
		{B1389F49-0EFB-47D0-9E5E-D2A9E64EC7BF} = {B1389F49-0EFB-47D0-9E5E-D2A9E64EC7BF}
		{936EDD66-ABBF-40E5-804B-564DA1BFEDE9} = {936EDD66-ABBF-40E5-804B-564DA1BFEDE9}
	EndProjectSection
EndProject
Project("{8BC9CEB8-8B4A-11D0-8D11-00A0C91BC942}") = "dwserver", "..\..\DamnedWorld\src\dwserver\dwserver.vcxproj", "{15BF75BB-2DFA-4713-B8AE-7B8A2CE78A60}"
	ProjectSection(ProjectDependencies) = postProject
		{B1389F49-0EFB-47D0-9E5E-D2A9E64EC7BF} = {B1389F49-0EFB-47D0-9E5E-D2A9E64EC7BF}
		{936EDD66-ABBF-40E5-804B-564DA1BFEDE9} = {936EDD66-ABBF-40E5-804B-564DA1BFEDE9}
	EndProjectSection
EndProject
Project("{8BC9CEB8-8B4A-11D0-8D11-00A0C91BC942}") = "dwshared", "..\..\DamnedWorld\src\dwshared\dwshared.vcxproj", "{B1389F49-0EFB-47D0-9E5E-D2A9E64EC7BF}"
	ProjectSection(ProjectDependencies) = postProject
		{936EDD66-ABBF-40E5-804B-564DA1BFEDE9} = {936EDD66-ABBF-40E5-804B-564DA1BFEDE9}
	EndProjectSection
EndProject
Project("{2150E333-8FDC-42A3-9474-1A3956D46DE8}") = "Tools", "Tools", "{2BF2BB95-A384-4566-AA6D-6C3680798ED0}"
EndProject
Project("{FAE04EC0-301F-11D3-BF4B-00C04F79EFBC}") = "AutoBuildNumber", "..\..\AutoBuildNumber\AutoBuildNumber\AutoBuildNumber.csproj", "{35C2BF77-0672-417C-A803-2A8A7CA7719B}"
EndProject
Project("{FAE04EC0-301F-11D3-BF4B-00C04F79EFBC}") = "LineCounter", "..\..\LineCounter\LineCounter\LineCounter.csproj", "{A146B78B-A8E7-40B4-A3E1-251FA3489E3F}"
EndProject
Project("{8BC9CEB8-8B4A-11D0-8D11-00A0C91BC942}") = "mgen", "..\..\raise\mgen\mgen.vcxproj", "{A3BF4738-8B49-4277-BAB6-62A3FA5A6A34}"
	ProjectSection(ProjectDependencies) = postProject
		{BD3D8A71-E80C-42DB-B0F3-59F9AA8660E5} = {BD3D8A71-E80C-42DB-B0F3-59F9AA8660E5}
	EndProjectSection
EndProject
Project("{8BC9CEB8-8B4A-11D0-8D11-00A0C91BC942}") = "realizer-test", "realizer-test\realizer-test.vcxproj", "{44DC1118-050E-4D07-8184-E84D09837E1D}"
	ProjectSection(ProjectDependencies) = postProject
		{936EDD66-ABBF-40E5-804B-564DA1BFEDE9} = {936EDD66-ABBF-40E5-804B-564DA1BFEDE9}
	EndProjectSection
EndProject
Project("{8BC9CEB8-8B4A-11D0-8D11-00A0C91BC942}") = "editor", "editor\editor.vcxproj", "{6251E73E-9B05-4F51-A90B-04F76E806A52}"
	ProjectSection(ProjectDependencies) = postProject
		{936EDD66-ABBF-40E5-804B-564DA1BFEDE9} = {936EDD66-ABBF-40E5-804B-564DA1BFEDE9}
		{BD3D8A71-E80C-42DB-B0F3-59F9AA8660E5} = {BD3D8A71-E80C-42DB-B0F3-59F9AA8660E5}
	EndProjectSection
EndProject
Project("{2150E333-8FDC-42A3-9474-1A3956D46DE8}") = "Solution Items", "Solution Items", "{6C548A63-F9E0-46EE-8A82-FEB1384873B7}"
EndProject
Project("{2150E333-8FDC-42A3-9474-1A3956D46DE8}") = "RaiseProjects", "RaiseProjects", "{3893A8EA-A0B5-46E7-984F-F1C0E1392983}"
EndProject
Project("{8BC9CEB8-8B4A-11D0-8D11-00A0C91BC942}") = "ArmALib", "..\..\ArmA\ArmALib\ArmALib.vcxproj", "{B3F5ECE8-5C23-4CB8-B385-A3B4D6472DFA}"
	ProjectSection(ProjectDependencies) = postProject
		{BD3D8A71-E80C-42DB-B0F3-59F9AA8660E5} = {BD3D8A71-E80C-42DB-B0F3-59F9AA8660E5}
	EndProjectSection
EndProject
Project("{FAE04EC0-301F-11D3-BF4B-00C04F79EFBC}") = "ArmAMap", "..\..\ArmA\ArmAMap\ArmAMap.csproj", "{4646D17C-C22A-44E9-9E8D-0D091014169B}"
	ProjectSection(ProjectDependencies) = postProject
		{B3F5ECE8-5C23-4CB8-B385-A3B4D6472DFA} = {B3F5ECE8-5C23-4CB8-B385-A3B4D6472DFA}
	EndProjectSection
EndProject
Project("{8BC9CEB8-8B4A-11D0-8D11-00A0C91BC942}") = "FileSearcher", "..\..\FileSearcher\FileSearcher.vcxproj", "{8D1677EE-288E-4941-A163-574318673133}"
	ProjectSection(ProjectDependencies) = postProject
		{BD3D8A71-E80C-42DB-B0F3-59F9AA8660E5} = {BD3D8A71-E80C-42DB-B0F3-59F9AA8660E5}
	EndProjectSection
EndProject
Project("{8BC9CEB8-8B4A-11D0-8D11-00A0C91BC942}") = "agency", "..\..\agency\agency.vcxproj", "{6EC2C703-BA75-4863-92F3-4347169F7308}"
	ProjectSection(ProjectDependencies) = postProject
		{BD3D8A71-E80C-42DB-B0F3-59F9AA8660E5} = {BD3D8A71-E80C-42DB-B0F3-59F9AA8660E5}
	EndProjectSection
EndProject
Project("{8BC9CEB8-8B4A-11D0-8D11-00A0C91BC942}") = "agency-toolbox", "..\..\agency-toolbox\agency-toolbox.vcxproj", "{55BE63DD-B4FA-4943-84D7-26FD390FE09B}"
	ProjectSection(ProjectDependencies) = postProject
		{BD3D8A71-E80C-42DB-B0F3-59F9AA8660E5} = {BD3D8A71-E80C-42DB-B0F3-59F9AA8660E5}
	EndProjectSection
EndProject
Project("{8BC9CEB8-8B4A-11D0-8D11-00A0C91BC942}") = "agency-watch", "..\..\agency-watch\agency-watch.vcxproj", "{EF635F26-FDC9-46A5-9368-9BF158A35200}"
EndProject
Global
	GlobalSection(SolutionConfigurationPlatforms) = preSolution
		Debug|Any CPU = Debug|Any CPU
		Debug|Mixed Platforms = Debug|Mixed Platforms
		Debug|Win32 = Debug|Win32
		Debug|x86 = Debug|x86
		Release|Any CPU = Release|Any CPU
		Release|Mixed Platforms = Release|Mixed Platforms
		Release|Win32 = Release|Win32
		Release|x86 = Release|x86
		Template|Any CPU = Template|Any CPU
		Template|Mixed Platforms = Template|Mixed Platforms
		Template|Win32 = Template|Win32
		Template|x86 = Template|x86
	EndGlobalSection
	GlobalSection(ProjectConfigurationPlatforms) = postSolution
		{936EDD66-ABBF-40E5-804B-564DA1BFEDE9}.Debug|Any CPU.ActiveCfg = Debug|Win32
		{936EDD66-ABBF-40E5-804B-564DA1BFEDE9}.Debug|Mixed Platforms.ActiveCfg = Debug|Win32
		{936EDD66-ABBF-40E5-804B-564DA1BFEDE9}.Debug|Mixed Platforms.Build.0 = Debug|Win32
		{936EDD66-ABBF-40E5-804B-564DA1BFEDE9}.Debug|Win32.ActiveCfg = Debug|Win32
		{936EDD66-ABBF-40E5-804B-564DA1BFEDE9}.Debug|Win32.Build.0 = Debug|Win32
		{936EDD66-ABBF-40E5-804B-564DA1BFEDE9}.Debug|x86.ActiveCfg = Debug|Win32
		{936EDD66-ABBF-40E5-804B-564DA1BFEDE9}.Release|Any CPU.ActiveCfg = Release|Win32
		{936EDD66-ABBF-40E5-804B-564DA1BFEDE9}.Release|Mixed Platforms.ActiveCfg = Release|Win32
		{936EDD66-ABBF-40E5-804B-564DA1BFEDE9}.Release|Mixed Platforms.Build.0 = Release|Win32
		{936EDD66-ABBF-40E5-804B-564DA1BFEDE9}.Release|Win32.ActiveCfg = Release|Win32
		{936EDD66-ABBF-40E5-804B-564DA1BFEDE9}.Release|Win32.Build.0 = Release|Win32
		{936EDD66-ABBF-40E5-804B-564DA1BFEDE9}.Release|x86.ActiveCfg = Release|Win32
		{936EDD66-ABBF-40E5-804B-564DA1BFEDE9}.Template|Any CPU.ActiveCfg = Release|Win32
		{936EDD66-ABBF-40E5-804B-564DA1BFEDE9}.Template|Mixed Platforms.ActiveCfg = Release|Win32
		{936EDD66-ABBF-40E5-804B-564DA1BFEDE9}.Template|Mixed Platforms.Build.0 = Release|Win32
		{936EDD66-ABBF-40E5-804B-564DA1BFEDE9}.Template|Win32.ActiveCfg = Release|Win32
		{936EDD66-ABBF-40E5-804B-564DA1BFEDE9}.Template|Win32.Build.0 = Release|Win32
		{936EDD66-ABBF-40E5-804B-564DA1BFEDE9}.Template|x86.ActiveCfg = Release|Win32
		{BD3D8A71-E80C-42DB-B0F3-59F9AA8660E5}.Debug|Any CPU.ActiveCfg = Debug|Win32
		{BD3D8A71-E80C-42DB-B0F3-59F9AA8660E5}.Debug|Mixed Platforms.ActiveCfg = Debug|Win32
		{BD3D8A71-E80C-42DB-B0F3-59F9AA8660E5}.Debug|Mixed Platforms.Build.0 = Debug|Win32
		{BD3D8A71-E80C-42DB-B0F3-59F9AA8660E5}.Debug|Win32.ActiveCfg = Debug|Win32
		{BD3D8A71-E80C-42DB-B0F3-59F9AA8660E5}.Debug|Win32.Build.0 = Debug|Win32
		{BD3D8A71-E80C-42DB-B0F3-59F9AA8660E5}.Debug|x86.ActiveCfg = Debug|Win32
		{BD3D8A71-E80C-42DB-B0F3-59F9AA8660E5}.Release|Any CPU.ActiveCfg = Release|Win32
		{BD3D8A71-E80C-42DB-B0F3-59F9AA8660E5}.Release|Mixed Platforms.ActiveCfg = Release|Win32
		{BD3D8A71-E80C-42DB-B0F3-59F9AA8660E5}.Release|Mixed Platforms.Build.0 = Release|Win32
		{BD3D8A71-E80C-42DB-B0F3-59F9AA8660E5}.Release|Win32.ActiveCfg = Release|Win32
		{BD3D8A71-E80C-42DB-B0F3-59F9AA8660E5}.Release|Win32.Build.0 = Release|Win32
		{BD3D8A71-E80C-42DB-B0F3-59F9AA8660E5}.Release|x86.ActiveCfg = Release|Win32
		{BD3D8A71-E80C-42DB-B0F3-59F9AA8660E5}.Template|Any CPU.ActiveCfg = Template|Win32
		{BD3D8A71-E80C-42DB-B0F3-59F9AA8660E5}.Template|Mixed Platforms.ActiveCfg = Template|Win32
		{BD3D8A71-E80C-42DB-B0F3-59F9AA8660E5}.Template|Mixed Platforms.Build.0 = Template|Win32
		{BD3D8A71-E80C-42DB-B0F3-59F9AA8660E5}.Template|Win32.ActiveCfg = Template|Win32
		{BD3D8A71-E80C-42DB-B0F3-59F9AA8660E5}.Template|Win32.Build.0 = Template|Win32
		{BD3D8A71-E80C-42DB-B0F3-59F9AA8660E5}.Template|x86.ActiveCfg = Template|Win32
		{53A084DD-87AB-4BB7-B087-DBBD7A9E3B7F}.Debug|Any CPU.ActiveCfg = Debug|Win32
		{53A084DD-87AB-4BB7-B087-DBBD7A9E3B7F}.Debug|Mixed Platforms.ActiveCfg = Debug|Win32
		{53A084DD-87AB-4BB7-B087-DBBD7A9E3B7F}.Debug|Mixed Platforms.Build.0 = Debug|Win32
		{53A084DD-87AB-4BB7-B087-DBBD7A9E3B7F}.Debug|Win32.ActiveCfg = Debug|Win32
		{53A084DD-87AB-4BB7-B087-DBBD7A9E3B7F}.Debug|Win32.Build.0 = Debug|Win32
		{53A084DD-87AB-4BB7-B087-DBBD7A9E3B7F}.Debug|x86.ActiveCfg = Debug|Win32
		{53A084DD-87AB-4BB7-B087-DBBD7A9E3B7F}.Release|Any CPU.ActiveCfg = Release|Win32
		{53A084DD-87AB-4BB7-B087-DBBD7A9E3B7F}.Release|Mixed Platforms.ActiveCfg = Release|Win32
		{53A084DD-87AB-4BB7-B087-DBBD7A9E3B7F}.Release|Mixed Platforms.Build.0 = Release|Win32
		{53A084DD-87AB-4BB7-B087-DBBD7A9E3B7F}.Release|Win32.ActiveCfg = Release|Win32
		{53A084DD-87AB-4BB7-B087-DBBD7A9E3B7F}.Release|Win32.Build.0 = Release|Win32
		{53A084DD-87AB-4BB7-B087-DBBD7A9E3B7F}.Release|x86.ActiveCfg = Release|Win32
		{53A084DD-87AB-4BB7-B087-DBBD7A9E3B7F}.Template|Any CPU.ActiveCfg = Release|Win32
		{53A084DD-87AB-4BB7-B087-DBBD7A9E3B7F}.Template|Mixed Platforms.ActiveCfg = Release|Win32
		{53A084DD-87AB-4BB7-B087-DBBD7A9E3B7F}.Template|Mixed Platforms.Build.0 = Release|Win32
		{53A084DD-87AB-4BB7-B087-DBBD7A9E3B7F}.Template|Win32.ActiveCfg = Release|Win32
		{53A084DD-87AB-4BB7-B087-DBBD7A9E3B7F}.Template|Win32.Build.0 = Release|Win32
		{53A084DD-87AB-4BB7-B087-DBBD7A9E3B7F}.Template|x86.ActiveCfg = Release|Win32
		{865A2852-367D-4A04-B17E-B4053AABFA6F}.Debug|Any CPU.ActiveCfg = Debug|Win32
		{865A2852-367D-4A04-B17E-B4053AABFA6F}.Debug|Mixed Platforms.ActiveCfg = Debug|Win32
		{865A2852-367D-4A04-B17E-B4053AABFA6F}.Debug|Mixed Platforms.Build.0 = Debug|Win32
		{865A2852-367D-4A04-B17E-B4053AABFA6F}.Debug|Win32.ActiveCfg = Debug|Win32
		{865A2852-367D-4A04-B17E-B4053AABFA6F}.Debug|Win32.Build.0 = Debug|Win32
		{865A2852-367D-4A04-B17E-B4053AABFA6F}.Debug|x86.ActiveCfg = Debug|Win32
		{865A2852-367D-4A04-B17E-B4053AABFA6F}.Release|Any CPU.ActiveCfg = Release|Win32
		{865A2852-367D-4A04-B17E-B4053AABFA6F}.Release|Mixed Platforms.ActiveCfg = Release|Win32
		{865A2852-367D-4A04-B17E-B4053AABFA6F}.Release|Mixed Platforms.Build.0 = Release|Win32
		{865A2852-367D-4A04-B17E-B4053AABFA6F}.Release|Win32.ActiveCfg = Release|Win32
		{865A2852-367D-4A04-B17E-B4053AABFA6F}.Release|Win32.Build.0 = Release|Win32
		{865A2852-367D-4A04-B17E-B4053AABFA6F}.Release|x86.ActiveCfg = Release|Win32
		{865A2852-367D-4A04-B17E-B4053AABFA6F}.Template|Any CPU.ActiveCfg = Template|Win32
		{865A2852-367D-4A04-B17E-B4053AABFA6F}.Template|Mixed Platforms.ActiveCfg = Template|Win32
		{865A2852-367D-4A04-B17E-B4053AABFA6F}.Template|Mixed Platforms.Build.0 = Template|Win32
		{865A2852-367D-4A04-B17E-B4053AABFA6F}.Template|Win32.ActiveCfg = Template|Win32
		{865A2852-367D-4A04-B17E-B4053AABFA6F}.Template|Win32.Build.0 = Template|Win32
		{865A2852-367D-4A04-B17E-B4053AABFA6F}.Template|x86.ActiveCfg = Template|Win32
		{AD815BC5-7E77-4F87-AB30-2FE0FC69EC62}.Debug|Any CPU.ActiveCfg = Debug|Win32
		{AD815BC5-7E77-4F87-AB30-2FE0FC69EC62}.Debug|Mixed Platforms.ActiveCfg = Debug|Win32
		{AD815BC5-7E77-4F87-AB30-2FE0FC69EC62}.Debug|Mixed Platforms.Build.0 = Debug|Win32
		{AD815BC5-7E77-4F87-AB30-2FE0FC69EC62}.Debug|Win32.ActiveCfg = Debug|Win32
		{AD815BC5-7E77-4F87-AB30-2FE0FC69EC62}.Debug|Win32.Build.0 = Debug|Win32
		{AD815BC5-7E77-4F87-AB30-2FE0FC69EC62}.Debug|x86.ActiveCfg = Debug|Win32
		{AD815BC5-7E77-4F87-AB30-2FE0FC69EC62}.Release|Any CPU.ActiveCfg = Release|Win32
		{AD815BC5-7E77-4F87-AB30-2FE0FC69EC62}.Release|Mixed Platforms.ActiveCfg = Release|Win32
		{AD815BC5-7E77-4F87-AB30-2FE0FC69EC62}.Release|Mixed Platforms.Build.0 = Release|Win32
		{AD815BC5-7E77-4F87-AB30-2FE0FC69EC62}.Release|Win32.ActiveCfg = Release|Win32
		{AD815BC5-7E77-4F87-AB30-2FE0FC69EC62}.Release|Win32.Build.0 = Release|Win32
		{AD815BC5-7E77-4F87-AB30-2FE0FC69EC62}.Release|x86.ActiveCfg = Release|Win32
		{AD815BC5-7E77-4F87-AB30-2FE0FC69EC62}.Template|Any CPU.ActiveCfg = Release|Win32
		{AD815BC5-7E77-4F87-AB30-2FE0FC69EC62}.Template|Mixed Platforms.ActiveCfg = Release|Win32
		{AD815BC5-7E77-4F87-AB30-2FE0FC69EC62}.Template|Mixed Platforms.Build.0 = Release|Win32
		{AD815BC5-7E77-4F87-AB30-2FE0FC69EC62}.Template|Win32.ActiveCfg = Release|Win32
		{AD815BC5-7E77-4F87-AB30-2FE0FC69EC62}.Template|Win32.Build.0 = Release|Win32
		{AD815BC5-7E77-4F87-AB30-2FE0FC69EC62}.Template|x86.ActiveCfg = Release|Win32
		{15BF75BB-2DFA-4713-B8AE-7B8A2CE78A60}.Debug|Any CPU.ActiveCfg = Debug|Win32
		{15BF75BB-2DFA-4713-B8AE-7B8A2CE78A60}.Debug|Mixed Platforms.ActiveCfg = Debug|Win32
		{15BF75BB-2DFA-4713-B8AE-7B8A2CE78A60}.Debug|Mixed Platforms.Build.0 = Debug|Win32
		{15BF75BB-2DFA-4713-B8AE-7B8A2CE78A60}.Debug|Win32.ActiveCfg = Debug|Win32
		{15BF75BB-2DFA-4713-B8AE-7B8A2CE78A60}.Debug|Win32.Build.0 = Debug|Win32
		{15BF75BB-2DFA-4713-B8AE-7B8A2CE78A60}.Debug|x86.ActiveCfg = Debug|Win32
		{15BF75BB-2DFA-4713-B8AE-7B8A2CE78A60}.Release|Any CPU.ActiveCfg = Release|Win32
		{15BF75BB-2DFA-4713-B8AE-7B8A2CE78A60}.Release|Mixed Platforms.ActiveCfg = Release|Win32
		{15BF75BB-2DFA-4713-B8AE-7B8A2CE78A60}.Release|Mixed Platforms.Build.0 = Release|Win32
		{15BF75BB-2DFA-4713-B8AE-7B8A2CE78A60}.Release|Win32.ActiveCfg = Release|Win32
		{15BF75BB-2DFA-4713-B8AE-7B8A2CE78A60}.Release|Win32.Build.0 = Release|Win32
		{15BF75BB-2DFA-4713-B8AE-7B8A2CE78A60}.Release|x86.ActiveCfg = Release|Win32
		{15BF75BB-2DFA-4713-B8AE-7B8A2CE78A60}.Template|Any CPU.ActiveCfg = Release|Win32
		{15BF75BB-2DFA-4713-B8AE-7B8A2CE78A60}.Template|Mixed Platforms.ActiveCfg = Release|Win32
		{15BF75BB-2DFA-4713-B8AE-7B8A2CE78A60}.Template|Mixed Platforms.Build.0 = Release|Win32
		{15BF75BB-2DFA-4713-B8AE-7B8A2CE78A60}.Template|Win32.ActiveCfg = Release|Win32
		{15BF75BB-2DFA-4713-B8AE-7B8A2CE78A60}.Template|Win32.Build.0 = Release|Win32
		{15BF75BB-2DFA-4713-B8AE-7B8A2CE78A60}.Template|x86.ActiveCfg = Release|Win32
		{B1389F49-0EFB-47D0-9E5E-D2A9E64EC7BF}.Debug|Any CPU.ActiveCfg = Debug|Win32
		{B1389F49-0EFB-47D0-9E5E-D2A9E64EC7BF}.Debug|Mixed Platforms.ActiveCfg = Debug|Win32
		{B1389F49-0EFB-47D0-9E5E-D2A9E64EC7BF}.Debug|Mixed Platforms.Build.0 = Debug|Win32
		{B1389F49-0EFB-47D0-9E5E-D2A9E64EC7BF}.Debug|Win32.ActiveCfg = Debug|Win32
		{B1389F49-0EFB-47D0-9E5E-D2A9E64EC7BF}.Debug|Win32.Build.0 = Debug|Win32
		{B1389F49-0EFB-47D0-9E5E-D2A9E64EC7BF}.Debug|x86.ActiveCfg = Debug|Win32
		{B1389F49-0EFB-47D0-9E5E-D2A9E64EC7BF}.Release|Any CPU.ActiveCfg = Release|Win32
		{B1389F49-0EFB-47D0-9E5E-D2A9E64EC7BF}.Release|Mixed Platforms.ActiveCfg = Release|Win32
		{B1389F49-0EFB-47D0-9E5E-D2A9E64EC7BF}.Release|Mixed Platforms.Build.0 = Release|Win32
		{B1389F49-0EFB-47D0-9E5E-D2A9E64EC7BF}.Release|Win32.ActiveCfg = Release|Win32
		{B1389F49-0EFB-47D0-9E5E-D2A9E64EC7BF}.Release|Win32.Build.0 = Release|Win32
		{B1389F49-0EFB-47D0-9E5E-D2A9E64EC7BF}.Release|x86.ActiveCfg = Release|Win32
		{B1389F49-0EFB-47D0-9E5E-D2A9E64EC7BF}.Template|Any CPU.ActiveCfg = Release|Win32
		{B1389F49-0EFB-47D0-9E5E-D2A9E64EC7BF}.Template|Mixed Platforms.ActiveCfg = Release|Win32
		{B1389F49-0EFB-47D0-9E5E-D2A9E64EC7BF}.Template|Mixed Platforms.Build.0 = Release|Win32
		{B1389F49-0EFB-47D0-9E5E-D2A9E64EC7BF}.Template|Win32.ActiveCfg = Release|Win32
		{B1389F49-0EFB-47D0-9E5E-D2A9E64EC7BF}.Template|Win32.Build.0 = Release|Win32
		{B1389F49-0EFB-47D0-9E5E-D2A9E64EC7BF}.Template|x86.ActiveCfg = Release|Win32
		{35C2BF77-0672-417C-A803-2A8A7CA7719B}.Debug|Any CPU.ActiveCfg = Debug|x86
		{35C2BF77-0672-417C-A803-2A8A7CA7719B}.Debug|Mixed Platforms.ActiveCfg = Debug|x86
		{35C2BF77-0672-417C-A803-2A8A7CA7719B}.Debug|Mixed Platforms.Build.0 = Debug|x86
		{35C2BF77-0672-417C-A803-2A8A7CA7719B}.Debug|Win32.ActiveCfg = Debug|x86
		{35C2BF77-0672-417C-A803-2A8A7CA7719B}.Debug|x86.ActiveCfg = Debug|x86
		{35C2BF77-0672-417C-A803-2A8A7CA7719B}.Debug|x86.Build.0 = Debug|x86
		{35C2BF77-0672-417C-A803-2A8A7CA7719B}.Release|Any CPU.ActiveCfg = Release|x86
		{35C2BF77-0672-417C-A803-2A8A7CA7719B}.Release|Mixed Platforms.ActiveCfg = Release|x86
		{35C2BF77-0672-417C-A803-2A8A7CA7719B}.Release|Mixed Platforms.Build.0 = Release|x86
		{35C2BF77-0672-417C-A803-2A8A7CA7719B}.Release|Win32.ActiveCfg = Release|x86
		{35C2BF77-0672-417C-A803-2A8A7CA7719B}.Release|x86.ActiveCfg = Release|x86
		{35C2BF77-0672-417C-A803-2A8A7CA7719B}.Release|x86.Build.0 = Release|x86
		{35C2BF77-0672-417C-A803-2A8A7CA7719B}.Template|Any CPU.ActiveCfg = Release|x86
		{35C2BF77-0672-417C-A803-2A8A7CA7719B}.Template|Mixed Platforms.ActiveCfg = Release|x86
		{35C2BF77-0672-417C-A803-2A8A7CA7719B}.Template|Mixed Platforms.Build.0 = Release|x86
		{35C2BF77-0672-417C-A803-2A8A7CA7719B}.Template|Win32.ActiveCfg = Release|x86
		{35C2BF77-0672-417C-A803-2A8A7CA7719B}.Template|x86.ActiveCfg = Release|x86
		{35C2BF77-0672-417C-A803-2A8A7CA7719B}.Template|x86.Build.0 = Release|x86
		{A146B78B-A8E7-40B4-A3E1-251FA3489E3F}.Debug|Any CPU.ActiveCfg = Debug|x86
		{A146B78B-A8E7-40B4-A3E1-251FA3489E3F}.Debug|Mixed Platforms.ActiveCfg = Debug|x86
		{A146B78B-A8E7-40B4-A3E1-251FA3489E3F}.Debug|Mixed Platforms.Build.0 = Debug|x86
		{A146B78B-A8E7-40B4-A3E1-251FA3489E3F}.Debug|Win32.ActiveCfg = Debug|x86
		{A146B78B-A8E7-40B4-A3E1-251FA3489E3F}.Debug|x86.ActiveCfg = Debug|x86
		{A146B78B-A8E7-40B4-A3E1-251FA3489E3F}.Debug|x86.Build.0 = Debug|x86
		{A146B78B-A8E7-40B4-A3E1-251FA3489E3F}.Release|Any CPU.ActiveCfg = Release|x86
		{A146B78B-A8E7-40B4-A3E1-251FA3489E3F}.Release|Mixed Platforms.ActiveCfg = Release|x86
		{A146B78B-A8E7-40B4-A3E1-251FA3489E3F}.Release|Mixed Platforms.Build.0 = Release|x86
		{A146B78B-A8E7-40B4-A3E1-251FA3489E3F}.Release|Win32.ActiveCfg = Release|x86
		{A146B78B-A8E7-40B4-A3E1-251FA3489E3F}.Release|x86.ActiveCfg = Release|x86
		{A146B78B-A8E7-40B4-A3E1-251FA3489E3F}.Release|x86.Build.0 = Release|x86
		{A146B78B-A8E7-40B4-A3E1-251FA3489E3F}.Template|Any CPU.ActiveCfg = Release|x86
		{A146B78B-A8E7-40B4-A3E1-251FA3489E3F}.Template|Mixed Platforms.ActiveCfg = Release|x86
		{A146B78B-A8E7-40B4-A3E1-251FA3489E3F}.Template|Mixed Platforms.Build.0 = Release|x86
		{A146B78B-A8E7-40B4-A3E1-251FA3489E3F}.Template|Win32.ActiveCfg = Release|x86
		{A146B78B-A8E7-40B4-A3E1-251FA3489E3F}.Template|x86.ActiveCfg = Release|x86
		{A146B78B-A8E7-40B4-A3E1-251FA3489E3F}.Template|x86.Build.0 = Release|x86
		{A3BF4738-8B49-4277-BAB6-62A3FA5A6A34}.Debug|Any CPU.ActiveCfg = Debug|Win32
		{A3BF4738-8B49-4277-BAB6-62A3FA5A6A34}.Debug|Mixed Platforms.ActiveCfg = Debug|Win32
		{A3BF4738-8B49-4277-BAB6-62A3FA5A6A34}.Debug|Mixed Platforms.Build.0 = Debug|Win32
		{A3BF4738-8B49-4277-BAB6-62A3FA5A6A34}.Debug|Win32.ActiveCfg = Debug|Win32
		{A3BF4738-8B49-4277-BAB6-62A3FA5A6A34}.Debug|Win32.Build.0 = Debug|Win32
		{A3BF4738-8B49-4277-BAB6-62A3FA5A6A34}.Debug|x86.ActiveCfg = Debug|Win32
		{A3BF4738-8B49-4277-BAB6-62A3FA5A6A34}.Release|Any CPU.ActiveCfg = Release|Win32
		{A3BF4738-8B49-4277-BAB6-62A3FA5A6A34}.Release|Mixed Platforms.ActiveCfg = Release|Win32
		{A3BF4738-8B49-4277-BAB6-62A3FA5A6A34}.Release|Mixed Platforms.Build.0 = Release|Win32
		{A3BF4738-8B49-4277-BAB6-62A3FA5A6A34}.Release|Win32.ActiveCfg = Release|Win32
		{A3BF4738-8B49-4277-BAB6-62A3FA5A6A34}.Release|Win32.Build.0 = Release|Win32
		{A3BF4738-8B49-4277-BAB6-62A3FA5A6A34}.Release|x86.ActiveCfg = Release|Win32
		{A3BF4738-8B49-4277-BAB6-62A3FA5A6A34}.Template|Any CPU.ActiveCfg = Release|Win32
		{A3BF4738-8B49-4277-BAB6-62A3FA5A6A34}.Template|Mixed Platforms.ActiveCfg = Release|Win32
		{A3BF4738-8B49-4277-BAB6-62A3FA5A6A34}.Template|Mixed Platforms.Build.0 = Release|Win32
		{A3BF4738-8B49-4277-BAB6-62A3FA5A6A34}.Template|Win32.ActiveCfg = Release|Win32
		{A3BF4738-8B49-4277-BAB6-62A3FA5A6A34}.Template|Win32.Build.0 = Release|Win32
		{A3BF4738-8B49-4277-BAB6-62A3FA5A6A34}.Template|x86.ActiveCfg = Release|Win32
		{44DC1118-050E-4D07-8184-E84D09837E1D}.Debug|Any CPU.ActiveCfg = Debug|Win32
		{44DC1118-050E-4D07-8184-E84D09837E1D}.Debug|Mixed Platforms.ActiveCfg = Debug|Win32
		{44DC1118-050E-4D07-8184-E84D09837E1D}.Debug|Mixed Platforms.Build.0 = Debug|Win32
		{44DC1118-050E-4D07-8184-E84D09837E1D}.Debug|Win32.ActiveCfg = Debug|Win32
		{44DC1118-050E-4D07-8184-E84D09837E1D}.Debug|Win32.Build.0 = Debug|Win32
		{44DC1118-050E-4D07-8184-E84D09837E1D}.Debug|x86.ActiveCfg = Debug|Win32
		{44DC1118-050E-4D07-8184-E84D09837E1D}.Release|Any CPU.ActiveCfg = Release|Win32
		{44DC1118-050E-4D07-8184-E84D09837E1D}.Release|Mixed Platforms.ActiveCfg = Release|Win32
		{44DC1118-050E-4D07-8184-E84D09837E1D}.Release|Mixed Platforms.Build.0 = Release|Win32
		{44DC1118-050E-4D07-8184-E84D09837E1D}.Release|Win32.ActiveCfg = Release|Win32
		{44DC1118-050E-4D07-8184-E84D09837E1D}.Release|Win32.Build.0 = Release|Win32
		{44DC1118-050E-4D07-8184-E84D09837E1D}.Release|x86.ActiveCfg = Release|Win32
		{44DC1118-050E-4D07-8184-E84D09837E1D}.Template|Any CPU.ActiveCfg = Release|Win32
		{44DC1118-050E-4D07-8184-E84D09837E1D}.Template|Mixed Platforms.ActiveCfg = Release|Win32
		{44DC1118-050E-4D07-8184-E84D09837E1D}.Template|Mixed Platforms.Build.0 = Release|Win32
		{44DC1118-050E-4D07-8184-E84D09837E1D}.Template|Win32.ActiveCfg = Release|Win32
		{44DC1118-050E-4D07-8184-E84D09837E1D}.Template|Win32.Build.0 = Release|Win32
		{44DC1118-050E-4D07-8184-E84D09837E1D}.Template|x86.ActiveCfg = Release|Win32
		{6251E73E-9B05-4F51-A90B-04F76E806A52}.Debug|Any CPU.ActiveCfg = Debug|Win32
		{6251E73E-9B05-4F51-A90B-04F76E806A52}.Debug|Mixed Platforms.ActiveCfg = Debug|Win32
		{6251E73E-9B05-4F51-A90B-04F76E806A52}.Debug|Mixed Platforms.Build.0 = Debug|Win32
		{6251E73E-9B05-4F51-A90B-04F76E806A52}.Debug|Win32.ActiveCfg = Debug|Win32
		{6251E73E-9B05-4F51-A90B-04F76E806A52}.Debug|Win32.Build.0 = Debug|Win32
		{6251E73E-9B05-4F51-A90B-04F76E806A52}.Debug|x86.ActiveCfg = Debug|Win32
		{6251E73E-9B05-4F51-A90B-04F76E806A52}.Release|Any CPU.ActiveCfg = Release|Win32
		{6251E73E-9B05-4F51-A90B-04F76E806A52}.Release|Mixed Platforms.ActiveCfg = Release|Win32
		{6251E73E-9B05-4F51-A90B-04F76E806A52}.Release|Mixed Platforms.Build.0 = Release|Win32
		{6251E73E-9B05-4F51-A90B-04F76E806A52}.Release|Win32.ActiveCfg = Release|Win32
		{6251E73E-9B05-4F51-A90B-04F76E806A52}.Release|Win32.Build.0 = Release|Win32
		{6251E73E-9B05-4F51-A90B-04F76E806A52}.Release|x86.ActiveCfg = Release|Win32
		{6251E73E-9B05-4F51-A90B-04F76E806A52}.Template|Any CPU.ActiveCfg = Release|Win32
		{6251E73E-9B05-4F51-A90B-04F76E806A52}.Template|Mixed Platforms.ActiveCfg = Release|Win32
		{6251E73E-9B05-4F51-A90B-04F76E806A52}.Template|Mixed Platforms.Build.0 = Release|Win32
		{6251E73E-9B05-4F51-A90B-04F76E806A52}.Template|Win32.ActiveCfg = Release|Win32
		{6251E73E-9B05-4F51-A90B-04F76E806A52}.Template|Win32.Build.0 = Release|Win32
		{6251E73E-9B05-4F51-A90B-04F76E806A52}.Template|x86.ActiveCfg = Release|Win32
		{B3F5ECE8-5C23-4CB8-B385-A3B4D6472DFA}.Debug|Any CPU.ActiveCfg = Debug|Win32
		{B3F5ECE8-5C23-4CB8-B385-A3B4D6472DFA}.Debug|Mixed Platforms.ActiveCfg = Debug|Win32
		{B3F5ECE8-5C23-4CB8-B385-A3B4D6472DFA}.Debug|Mixed Platforms.Build.0 = Debug|Win32
		{B3F5ECE8-5C23-4CB8-B385-A3B4D6472DFA}.Debug|Win32.ActiveCfg = Debug|Win32
		{B3F5ECE8-5C23-4CB8-B385-A3B4D6472DFA}.Debug|Win32.Build.0 = Debug|Win32
		{B3F5ECE8-5C23-4CB8-B385-A3B4D6472DFA}.Debug|x86.ActiveCfg = Debug|Win32
		{B3F5ECE8-5C23-4CB8-B385-A3B4D6472DFA}.Release|Any CPU.ActiveCfg = Release|Win32
		{B3F5ECE8-5C23-4CB8-B385-A3B4D6472DFA}.Release|Mixed Platforms.ActiveCfg = Release|Win32
		{B3F5ECE8-5C23-4CB8-B385-A3B4D6472DFA}.Release|Mixed Platforms.Build.0 = Release|Win32
		{B3F5ECE8-5C23-4CB8-B385-A3B4D6472DFA}.Release|Win32.ActiveCfg = Release|Win32
		{B3F5ECE8-5C23-4CB8-B385-A3B4D6472DFA}.Release|Win32.Build.0 = Release|Win32
		{B3F5ECE8-5C23-4CB8-B385-A3B4D6472DFA}.Release|x86.ActiveCfg = Release|Win32
		{B3F5ECE8-5C23-4CB8-B385-A3B4D6472DFA}.Template|Any CPU.ActiveCfg = Release|Win32
		{B3F5ECE8-5C23-4CB8-B385-A3B4D6472DFA}.Template|Mixed Platforms.ActiveCfg = Release|Win32
		{B3F5ECE8-5C23-4CB8-B385-A3B4D6472DFA}.Template|Mixed Platforms.Build.0 = Release|Win32
		{B3F5ECE8-5C23-4CB8-B385-A3B4D6472DFA}.Template|Win32.ActiveCfg = Release|Win32
		{B3F5ECE8-5C23-4CB8-B385-A3B4D6472DFA}.Template|Win32.Build.0 = Release|Win32
		{B3F5ECE8-5C23-4CB8-B385-A3B4D6472DFA}.Template|x86.ActiveCfg = Release|Win32
		{4646D17C-C22A-44E9-9E8D-0D091014169B}.Debug|Any CPU.ActiveCfg = Debug|x86
		{4646D17C-C22A-44E9-9E8D-0D091014169B}.Debug|Mixed Platforms.ActiveCfg = Debug|x86
		{4646D17C-C22A-44E9-9E8D-0D091014169B}.Debug|Mixed Platforms.Build.0 = Debug|x86
		{4646D17C-C22A-44E9-9E8D-0D091014169B}.Debug|Win32.ActiveCfg = Debug|x86
		{4646D17C-C22A-44E9-9E8D-0D091014169B}.Debug|x86.ActiveCfg = Debug|x86
		{4646D17C-C22A-44E9-9E8D-0D091014169B}.Debug|x86.Build.0 = Debug|x86
		{4646D17C-C22A-44E9-9E8D-0D091014169B}.Release|Any CPU.ActiveCfg = Release|x86
		{4646D17C-C22A-44E9-9E8D-0D091014169B}.Release|Mixed Platforms.ActiveCfg = Release|x86
		{4646D17C-C22A-44E9-9E8D-0D091014169B}.Release|Mixed Platforms.Build.0 = Release|x86
		{4646D17C-C22A-44E9-9E8D-0D091014169B}.Release|Win32.ActiveCfg = Release|x86
		{4646D17C-C22A-44E9-9E8D-0D091014169B}.Release|x86.ActiveCfg = Release|x86
		{4646D17C-C22A-44E9-9E8D-0D091014169B}.Release|x86.Build.0 = Release|x86
		{4646D17C-C22A-44E9-9E8D-0D091014169B}.Template|Any CPU.ActiveCfg = Release|x86
		{4646D17C-C22A-44E9-9E8D-0D091014169B}.Template|Mixed Platforms.ActiveCfg = Release|x86
		{4646D17C-C22A-44E9-9E8D-0D091014169B}.Template|Mixed Platforms.Build.0 = Release|x86
		{4646D17C-C22A-44E9-9E8D-0D091014169B}.Template|Win32.ActiveCfg = Release|x86
		{4646D17C-C22A-44E9-9E8D-0D091014169B}.Template|x86.ActiveCfg = Release|x86
		{4646D17C-C22A-44E9-9E8D-0D091014169B}.Template|x86.Build.0 = Release|x86
		{8D1677EE-288E-4941-A163-574318673133}.Debug|Any CPU.ActiveCfg = Debug|Win32
		{8D1677EE-288E-4941-A163-574318673133}.Debug|Mixed Platforms.ActiveCfg = Debug|Win32
		{8D1677EE-288E-4941-A163-574318673133}.Debug|Mixed Platforms.Build.0 = Debug|Win32
		{8D1677EE-288E-4941-A163-574318673133}.Debug|Win32.ActiveCfg = Debug|Win32
		{8D1677EE-288E-4941-A163-574318673133}.Debug|Win32.Build.0 = Debug|Win32
		{8D1677EE-288E-4941-A163-574318673133}.Debug|x86.ActiveCfg = Debug|Win32
		{8D1677EE-288E-4941-A163-574318673133}.Release|Any CPU.ActiveCfg = Release|Win32
		{8D1677EE-288E-4941-A163-574318673133}.Release|Mixed Platforms.ActiveCfg = Release|Win32
		{8D1677EE-288E-4941-A163-574318673133}.Release|Mixed Platforms.Build.0 = Release|Win32
		{8D1677EE-288E-4941-A163-574318673133}.Release|Win32.ActiveCfg = Release|Win32
		{8D1677EE-288E-4941-A163-574318673133}.Release|Win32.Build.0 = Release|Win32
		{8D1677EE-288E-4941-A163-574318673133}.Release|x86.ActiveCfg = Release|Win32
		{8D1677EE-288E-4941-A163-574318673133}.Template|Any CPU.ActiveCfg = Release|Win32
		{8D1677EE-288E-4941-A163-574318673133}.Template|Mixed Platforms.ActiveCfg = Release|Win32
		{8D1677EE-288E-4941-A163-574318673133}.Template|Mixed Platforms.Build.0 = Release|Win32
		{8D1677EE-288E-4941-A163-574318673133}.Template|Win32.ActiveCfg = Release|Win32
		{8D1677EE-288E-4941-A163-574318673133}.Template|Win32.Build.0 = Release|Win32
		{8D1677EE-288E-4941-A163-574318673133}.Template|x86.ActiveCfg = Release|Win32
		{6EC2C703-BA75-4863-92F3-4347169F7308}.Debug|Any CPU.ActiveCfg = Debug|Win32
		{6EC2C703-BA75-4863-92F3-4347169F7308}.Debug|Mixed Platforms.ActiveCfg = Debug|Win32
		{6EC2C703-BA75-4863-92F3-4347169F7308}.Debug|Mixed Platforms.Build.0 = Debug|Win32
		{6EC2C703-BA75-4863-92F3-4347169F7308}.Debug|Win32.ActiveCfg = Debug|Win32
		{6EC2C703-BA75-4863-92F3-4347169F7308}.Debug|Win32.Build.0 = Debug|Win32
		{6EC2C703-BA75-4863-92F3-4347169F7308}.Debug|x86.ActiveCfg = Debug|Win32
		{6EC2C703-BA75-4863-92F3-4347169F7308}.Debug|x86.Build.0 = Debug|Win32
		{6EC2C703-BA75-4863-92F3-4347169F7308}.Release|Any CPU.ActiveCfg = Release|Win32
		{6EC2C703-BA75-4863-92F3-4347169F7308}.Release|Mixed Platforms.ActiveCfg = Release|Win32
		{6EC2C703-BA75-4863-92F3-4347169F7308}.Release|Mixed Platforms.Build.0 = Release|Win32
		{6EC2C703-BA75-4863-92F3-4347169F7308}.Release|Win32.ActiveCfg = Release|Win32
		{6EC2C703-BA75-4863-92F3-4347169F7308}.Release|Win32.Build.0 = Release|Win32
		{6EC2C703-BA75-4863-92F3-4347169F7308}.Release|x86.ActiveCfg = Release|Win32
		{6EC2C703-BA75-4863-92F3-4347169F7308}.Release|x86.Build.0 = Release|Win32
		{6EC2C703-BA75-4863-92F3-4347169F7308}.Template|Any CPU.ActiveCfg = Release|Win32
		{6EC2C703-BA75-4863-92F3-4347169F7308}.Template|Mixed Platforms.ActiveCfg = Release|Win32
		{6EC2C703-BA75-4863-92F3-4347169F7308}.Template|Mixed Platforms.Build.0 = Release|Win32
		{6EC2C703-BA75-4863-92F3-4347169F7308}.Template|Win32.ActiveCfg = Release|Win32
		{6EC2C703-BA75-4863-92F3-4347169F7308}.Template|Win32.Build.0 = Release|Win32
		{6EC2C703-BA75-4863-92F3-4347169F7308}.Template|x86.ActiveCfg = Release|Win32
		{6EC2C703-BA75-4863-92F3-4347169F7308}.Template|x86.Build.0 = Release|Win32
		{55BE63DD-B4FA-4943-84D7-26FD390FE09B}.Debug|Any CPU.ActiveCfg = Debug|Win32
		{55BE63DD-B4FA-4943-84D7-26FD390FE09B}.Debug|Mixed Platforms.ActiveCfg = Debug|Win32
		{55BE63DD-B4FA-4943-84D7-26FD390FE09B}.Debug|Mixed Platforms.Build.0 = Debug|Win32
		{55BE63DD-B4FA-4943-84D7-26FD390FE09B}.Debug|Win32.ActiveCfg = Debug|Win32
		{55BE63DD-B4FA-4943-84D7-26FD390FE09B}.Debug|Win32.Build.0 = Debug|Win32
		{55BE63DD-B4FA-4943-84D7-26FD390FE09B}.Debug|x86.ActiveCfg = Debug|Win32
		{55BE63DD-B4FA-4943-84D7-26FD390FE09B}.Debug|x86.Build.0 = Debug|Win32
		{55BE63DD-B4FA-4943-84D7-26FD390FE09B}.Release|Any CPU.ActiveCfg = Release|Win32
		{55BE63DD-B4FA-4943-84D7-26FD390FE09B}.Release|Mixed Platforms.ActiveCfg = Release|Win32
		{55BE63DD-B4FA-4943-84D7-26FD390FE09B}.Release|Mixed Platforms.Build.0 = Release|Win32
		{55BE63DD-B4FA-4943-84D7-26FD390FE09B}.Release|Win32.ActiveCfg = Release|Win32
		{55BE63DD-B4FA-4943-84D7-26FD390FE09B}.Release|Win32.Build.0 = Release|Win32
		{55BE63DD-B4FA-4943-84D7-26FD390FE09B}.Release|x86.ActiveCfg = Release|Win32
		{55BE63DD-B4FA-4943-84D7-26FD390FE09B}.Release|x86.Build.0 = Release|Win32
		{55BE63DD-B4FA-4943-84D7-26FD390FE09B}.Template|Any CPU.ActiveCfg = Release|Win32
		{55BE63DD-B4FA-4943-84D7-26FD390FE09B}.Template|Mixed Platforms.ActiveCfg = Release|Win32
		{55BE63DD-B4FA-4943-84D7-26FD390FE09B}.Template|Mixed Platforms.Build.0 = Release|Win32
		{55BE63DD-B4FA-4943-84D7-26FD390FE09B}.Template|Win32.ActiveCfg = Release|Win32
		{55BE63DD-B4FA-4943-84D7-26FD390FE09B}.Template|Win32.Build.0 = Release|Win32
		{55BE63DD-B4FA-4943-84D7-26FD390FE09B}.Template|x86.ActiveCfg = Release|Win32
		{55BE63DD-B4FA-4943-84D7-26FD390FE09B}.Template|x86.Build.0 = Release|Win32
		{EF635F26-FDC9-46A5-9368-9BF158A35200}.Debug|Any CPU.ActiveCfg = Debug|Win32
		{EF635F26-FDC9-46A5-9368-9BF158A35200}.Debug|Mixed Platforms.ActiveCfg = Debug|Win32
		{EF635F26-FDC9-46A5-9368-9BF158A35200}.Debug|Mixed Platforms.Build.0 = Debug|Win32
		{EF635F26-FDC9-46A5-9368-9BF158A35200}.Debug|Win32.ActiveCfg = Debug|Win32
		{EF635F26-FDC9-46A5-9368-9BF158A35200}.Debug|Win32.Build.0 = Debug|Win32
		{EF635F26-FDC9-46A5-9368-9BF158A35200}.Debug|x86.ActiveCfg = Debug|Win32
		{EF635F26-FDC9-46A5-9368-9BF158A35200}.Debug|x86.Build.0 = Debug|Win32
		{EF635F26-FDC9-46A5-9368-9BF158A35200}.Release|Any CPU.ActiveCfg = Release|Win32
		{EF635F26-FDC9-46A5-9368-9BF158A35200}.Release|Mixed Platforms.ActiveCfg = Release|Win32
		{EF635F26-FDC9-46A5-9368-9BF158A35200}.Release|Mixed Platforms.Build.0 = Release|Win32
		{EF635F26-FDC9-46A5-9368-9BF158A35200}.Release|Win32.ActiveCfg = Release|Win32
		{EF635F26-FDC9-46A5-9368-9BF158A35200}.Release|Win32.Build.0 = Release|Win32
		{EF635F26-FDC9-46A5-9368-9BF158A35200}.Release|x86.ActiveCfg = Release|Win32
		{EF635F26-FDC9-46A5-9368-9BF158A35200}.Release|x86.Build.0 = Release|Win32
		{EF635F26-FDC9-46A5-9368-9BF158A35200}.Template|Any CPU.ActiveCfg = Release|Win32
		{EF635F26-FDC9-46A5-9368-9BF158A35200}.Template|Mixed Platforms.ActiveCfg = Release|Win32
		{EF635F26-FDC9-46A5-9368-9BF158A35200}.Template|Mixed Platforms.Build.0 = Release|Win32
		{EF635F26-FDC9-46A5-9368-9BF158A35200}.Template|Win32.ActiveCfg = Release|Win32
		{EF635F26-FDC9-46A5-9368-9BF158A35200}.Template|Win32.Build.0 = Release|Win32
		{EF635F26-FDC9-46A5-9368-9BF158A35200}.Template|x86.ActiveCfg = Release|Win32
		{EF635F26-FDC9-46A5-9368-9BF158A35200}.Template|x86.Build.0 = Release|Win32
	EndGlobalSection
	GlobalSection(SolutionProperties) = preSolution
		HideSolutionNode = FALSE
	EndGlobalSection
	GlobalSection(NestedProjects) = preSolution
		{53A084DD-87AB-4BB7-B087-DBBD7A9E3B7F} = {A0522352-DC14-4D03-B847-D3355A621347}
		{1BBD7BB8-43C1-42D9-A4B2-0E7A2E8F3FDE} = {940CE870-C174-4EAF-BA37-BF880F47F91A}
		{AD815BC5-7E77-4F87-AB30-2FE0FC69EC62} = {1BBD7BB8-43C1-42D9-A4B2-0E7A2E8F3FDE}
		{15BF75BB-2DFA-4713-B8AE-7B8A2CE78A60} = {1BBD7BB8-43C1-42D9-A4B2-0E7A2E8F3FDE}
		{B1389F49-0EFB-47D0-9E5E-D2A9E64EC7BF} = {1BBD7BB8-43C1-42D9-A4B2-0E7A2E8F3FDE}
		{35C2BF77-0672-417C-A803-2A8A7CA7719B} = {2BF2BB95-A384-4566-AA6D-6C3680798ED0}
		{A146B78B-A8E7-40B4-A3E1-251FA3489E3F} = {2BF2BB95-A384-4566-AA6D-6C3680798ED0}
		{A3BF4738-8B49-4277-BAB6-62A3FA5A6A34} = {2BF2BB95-A384-4566-AA6D-6C3680798ED0}
		{8D1677EE-288E-4941-A163-574318673133} = {2BF2BB95-A384-4566-AA6D-6C3680798ED0}
		{B3F5ECE8-5C23-4CB8-B385-A3B4D6472DFA} = {3893A8EA-A0B5-46E7-984F-F1C0E1392983}
		{4646D17C-C22A-44E9-9E8D-0D091014169B} = {3893A8EA-A0B5-46E7-984F-F1C0E1392983}
	EndGlobalSection
EndGlobal
