
Microsoft Visual Studio Solution File, Format Version 11.00
# Visual Studio 2010
Project("{8BC9CEB8-8B4A-11D0-8D11-00A0C91BC942}") = "realizer", "realizer\realizer.vcxproj", "{936EDD66-ABBF-40E5-804B-564DA1BFEDE9}"
	ProjectSection(ProjectDependencies) = postProject
		{BD3D8A71-E80C-42DB-B0F3-59F9AA8660E5} = {BD3D8A71-E80C-42DB-B0F3-59F9AA8660E5}
	EndProjectSection
EndProject
Project("{8BC9CEB8-8B4A-11D0-8D11-00A0C91BC942}") = "raise", "..\..\raise\raise\raise.vcxproj", "{BD3D8A71-E80C-42DB-B0F3-59F9AA8660E5}"
EndProject
Project("{2150E333-8FDC-42A3-9474-1A3956D46DE8}") = "Examples", "Examples", "{A0522352-DC14-4D03-B847-D3355A621347}"
EndProject
Project("{2150E333-8FDC-42A3-9474-1A3956D46DE8}") = "Plugins", "Plugins", "{AE225766-452C-4509-90D8-EEBEB8BE1A4E}"
EndProject
Project("{8BC9CEB8-8B4A-11D0-8D11-00A0C91BC942}") = "demo_realizer", "examples\demo_realizer\demo_realizer.vcxproj", "{53A084DD-87AB-4BB7-B087-DBBD7A9E3B7F}"
	ProjectSection(ProjectDependencies) = postProject
		{936EDD66-ABBF-40E5-804B-564DA1BFEDE9} = {936EDD66-ABBF-40E5-804B-564DA1BFEDE9}
	EndProjectSection
EndProject
Project("{8BC9CEB8-8B4A-11D0-8D11-00A0C91BC942}") = "raise-test", "..\..\raise\test\test.vcxproj", "{865A2852-367D-4A04-B17E-B4053AABFA6F}"
EndProject
Project("{8BC9CEB8-8B4A-11D0-8D11-00A0C91BC942}") = "fontloader", "plugins\fontloader\fontloader.vcxproj", "{01F175D0-86F8-4044-9997-A845323FED48}"
EndProject
Project("{2150E333-8FDC-42A3-9474-1A3956D46DE8}") = "Games", "Games", "{940CE870-C174-4EAF-BA37-BF880F47F91A}"
EndProject
Project("{2150E333-8FDC-42A3-9474-1A3956D46DE8}") = "Damned World", "Damned World", "{1BBD7BB8-43C1-42D9-A4B2-0E7A2E8F3FDE}"
EndProject
Project("{8BC9CEB8-8B4A-11D0-8D11-00A0C91BC942}") = "dwclient", "..\..\DamnedWorld\src\dwclient\dwclient.vcxproj", "{AD815BC5-7E77-4F87-AB30-2FE0FC69EC62}"
	ProjectSection(ProjectDependencies) = postProject
		{B1389F49-0EFB-47D0-9E5E-D2A9E64EC7BF} = {B1389F49-0EFB-47D0-9E5E-D2A9E64EC7BF}
		{936EDD66-ABBF-40E5-804B-564DA1BFEDE9} = {936EDD66-ABBF-40E5-804B-564DA1BFEDE9}
	EndProjectSection
EndProject
Project("{8BC9CEB8-8B4A-11D0-8D11-00A0C91BC942}") = "dwserver", "..\..\DamnedWorld\src\dwserver\dwserver.vcxproj", "{15BF75BB-2DFA-4713-B8AE-7B8A2CE78A60}"
	ProjectSection(ProjectDependencies) = postProject
		{B1389F49-0EFB-47D0-9E5E-D2A9E64EC7BF} = {B1389F49-0EFB-47D0-9E5E-D2A9E64EC7BF}
		{936EDD66-ABBF-40E5-804B-564DA1BFEDE9} = {936EDD66-ABBF-40E5-804B-564DA1BFEDE9}
	EndProjectSection
EndProject
Project("{8BC9CEB8-8B4A-11D0-8D11-00A0C91BC942}") = "dwshared", "..\..\DamnedWorld\src\dwshared\dwshared.vcxproj", "{B1389F49-0EFB-47D0-9E5E-D2A9E64EC7BF}"
	ProjectSection(ProjectDependencies) = postProject
		{936EDD66-ABBF-40E5-804B-564DA1BFEDE9} = {936EDD66-ABBF-40E5-804B-564DA1BFEDE9}
	EndProjectSection
EndProject
Project("{2150E333-8FDC-42A3-9474-1A3956D46DE8}") = "Tools", "Tools", "{2BF2BB95-A384-4566-AA6D-6C3680798ED0}"
EndProject
Project("{FAE04EC0-301F-11D3-BF4B-00C04F79EFBC}") = "AutoBuildNumber", "..\..\AutoBuildNumber\AutoBuildNumber\AutoBuildNumber.csproj", "{35C2BF77-0672-417C-A803-2A8A7CA7719B}"
EndProject
Project("{FAE04EC0-301F-11D3-BF4B-00C04F79EFBC}") = "LineCounter", "..\..\LineCounter\LineCounter\LineCounter.csproj", "{A146B78B-A8E7-40B4-A3E1-251FA3489E3F}"
EndProject
Project("{8BC9CEB8-8B4A-11D0-8D11-00A0C91BC942}") = "mgen", "..\..\raise\mgen\mgen.vcxproj", "{A3BF4738-8B49-4277-BAB6-62A3FA5A6A34}"
	ProjectSection(ProjectDependencies) = postProject
		{BD3D8A71-E80C-42DB-B0F3-59F9AA8660E5} = {BD3D8A71-E80C-42DB-B0F3-59F9AA8660E5}
	EndProjectSection
EndProject
Global
	GlobalSection(SolutionConfigurationPlatforms) = preSolution
		Debug|Any CPU = Debug|Any CPU
		Debug|Mixed Platforms = Debug|Mixed Platforms
		Debug|Win32 = Debug|Win32
		Debug|x86 = Debug|x86
		Release|Any CPU = Release|Any CPU
		Release|Mixed Platforms = Release|Mixed Platforms
		Release|Win32 = Release|Win32
		Release|x86 = Release|x86
		Template|Any CPU = Template|Any CPU
		Template|Mixed Platforms = Template|Mixed Platforms
		Template|Win32 = Template|Win32
		Template|x86 = Template|x86
	EndGlobalSection
	GlobalSection(ProjectConfigurationPlatforms) = postSolution
		{936EDD66-ABBF-40E5-804B-564DA1BFEDE9}.Debug|Any CPU.ActiveCfg = Debug|Win32
		{936EDD66-ABBF-40E5-804B-564DA1BFEDE9}.Debug|Mixed Platforms.ActiveCfg = Debug|Win32
		{936EDD66-ABBF-40E5-804B-564DA1BFEDE9}.Debug|Mixed Platforms.Build.0 = Debug|Win32
		{936EDD66-ABBF-40E5-804B-564DA1BFEDE9}.Debug|Win32.ActiveCfg = Debug|Win32
		{936EDD66-ABBF-40E5-804B-564DA1BFEDE9}.Debug|Win32.Build.0 = Debug|Win32
		{936EDD66-ABBF-40E5-804B-564DA1BFEDE9}.Debug|x86.ActiveCfg = Debug|Win32
		{936EDD66-ABBF-40E5-804B-564DA1BFEDE9}.Release|Any CPU.ActiveCfg = Release|Win32
		{936EDD66-ABBF-40E5-804B-564DA1BFEDE9}.Release|Mixed Platforms.ActiveCfg = Release|Win32
		{936EDD66-ABBF-40E5-804B-564DA1BFEDE9}.Release|Mixed Platforms.Build.0 = Release|Win32
		{936EDD66-ABBF-40E5-804B-564DA1BFEDE9}.Release|Win32.ActiveCfg = Release|Win32
		{936EDD66-ABBF-40E5-804B-564DA1BFEDE9}.Release|Win32.Build.0 = Release|Win32
		{936EDD66-ABBF-40E5-804B-564DA1BFEDE9}.Release|x86.ActiveCfg = Release|Win32
		{936EDD66-ABBF-40E5-804B-564DA1BFEDE9}.Template|Any CPU.ActiveCfg = Release|Win32
		{936EDD66-ABBF-40E5-804B-564DA1BFEDE9}.Template|Mixed Platforms.ActiveCfg = Release|Win32
		{936EDD66-ABBF-40E5-804B-564DA1BFEDE9}.Template|Mixed Platforms.Build.0 = Release|Win32
		{936EDD66-ABBF-40E5-804B-564DA1BFEDE9}.Template|Win32.ActiveCfg = Release|Win32
		{936EDD66-ABBF-40E5-804B-564DA1BFEDE9}.Template|Win32.Build.0 = Release|Win32
		{936EDD66-ABBF-40E5-804B-564DA1BFEDE9}.Template|x86.ActiveCfg = Release|Win32
		{BD3D8A71-E80C-42DB-B0F3-59F9AA8660E5}.Debug|Any CPU.ActiveCfg = Debug|Win32
		{BD3D8A71-E80C-42DB-B0F3-59F9AA8660E5}.Debug|Mixed Platforms.ActiveCfg = Debug|Win32
		{BD3D8A71-E80C-42DB-B0F3-59F9AA8660E5}.Debug|Mixed Platforms.Build.0 = Debug|Win32
		{BD3D8A71-E80C-42DB-B0F3-59F9AA8660E5}.Debug|Win32.ActiveCfg = Debug|Win32
		{BD3D8A71-E80C-42DB-B0F3-59F9AA8660E5}.Debug|Win32.Build.0 = Debug|Win32
		{BD3D8A71-E80C-42DB-B0F3-59F9AA8660E5}.Debug|x86.ActiveCfg = Debug|Win32
		{BD3D8A71-E80C-42DB-B0F3-59F9AA8660E5}.Release|Any CPU.ActiveCfg = Release|Win32
		{BD3D8A71-E80C-42DB-B0F3-59F9AA8660E5}.Release|Mixed Platforms.ActiveCfg = Release|Win32
		{BD3D8A71-E80C-42DB-B0F3-59F9AA8660E5}.Release|Mixed Platforms.Build.0 = Release|Win32
		{BD3D8A71-E80C-42DB-B0F3-59F9AA8660E5}.Release|Win32.ActiveCfg = Release|Win32
		{BD3D8A71-E80C-42DB-B0F3-59F9AA8660E5}.Release|Win32.Build.0 = Release|Win32
		{BD3D8A71-E80C-42DB-B0F3-59F9AA8660E5}.Release|x86.ActiveCfg = Release|Win32
		{BD3D8A71-E80C-42DB-B0F3-59F9AA8660E5}.Template|Any CPU.ActiveCfg = Template|Win32
		{BD3D8A71-E80C-42DB-B0F3-59F9AA8660E5}.Template|Mixed Platforms.ActiveCfg = Template|Win32
		{BD3D8A71-E80C-42DB-B0F3-59F9AA8660E5}.Template|Mixed Platforms.Build.0 = Template|Win32
		{BD3D8A71-E80C-42DB-B0F3-59F9AA8660E5}.Template|Win32.ActiveCfg = Template|Win32
		{BD3D8A71-E80C-42DB-B0F3-59F9AA8660E5}.Template|Win32.Build.0 = Template|Win32
		{BD3D8A71-E80C-42DB-B0F3-59F9AA8660E5}.Template|x86.ActiveCfg = Template|Win32
		{53A084DD-87AB-4BB7-B087-DBBD7A9E3B7F}.Debug|Any CPU.ActiveCfg = Debug|Win32
		{53A084DD-87AB-4BB7-B087-DBBD7A9E3B7F}.Debug|Mixed Platforms.ActiveCfg = Debug|Win32
		{53A084DD-87AB-4BB7-B087-DBBD7A9E3B7F}.Debug|Mixed Platforms.Build.0 = Debug|Win32
		{53A084DD-87AB-4BB7-B087-DBBD7A9E3B7F}.Debug|Win32.ActiveCfg = Debug|Win32
		{53A084DD-87AB-4BB7-B087-DBBD7A9E3B7F}.Debug|Win32.Build.0 = Debug|Win32
		{53A084DD-87AB-4BB7-B087-DBBD7A9E3B7F}.Debug|x86.ActiveCfg = Debug|Win32
		{53A084DD-87AB-4BB7-B087-DBBD7A9E3B7F}.Release|Any CPU.ActiveCfg = Release|Win32
		{53A084DD-87AB-4BB7-B087-DBBD7A9E3B7F}.Release|Mixed Platforms.ActiveCfg = Release|Win32
		{53A084DD-87AB-4BB7-B087-DBBD7A9E3B7F}.Release|Mixed Platforms.Build.0 = Release|Win32
		{53A084DD-87AB-4BB7-B087-DBBD7A9E3B7F}.Release|Win32.ActiveCfg = Release|Win32
		{53A084DD-87AB-4BB7-B087-DBBD7A9E3B7F}.Release|Win32.Build.0 = Release|Win32
		{53A084DD-87AB-4BB7-B087-DBBD7A9E3B7F}.Release|x86.ActiveCfg = Release|Win32
		{53A084DD-87AB-4BB7-B087-DBBD7A9E3B7F}.Template|Any CPU.ActiveCfg = Release|Win32
		{53A084DD-87AB-4BB7-B087-DBBD7A9E3B7F}.Template|Mixed Platforms.ActiveCfg = Release|Win32
		{53A084DD-87AB-4BB7-B087-DBBD7A9E3B7F}.Template|Mixed Platforms.Build.0 = Release|Win32
		{53A084DD-87AB-4BB7-B087-DBBD7A9E3B7F}.Template|Win32.ActiveCfg = Release|Win32
		{53A084DD-87AB-4BB7-B087-DBBD7A9E3B7F}.Template|Win32.Build.0 = Release|Win32
		{53A084DD-87AB-4BB7-B087-DBBD7A9E3B7F}.Template|x86.ActiveCfg = Release|Win32
		{865A2852-367D-4A04-B17E-B4053AABFA6F}.Debug|Any CPU.ActiveCfg = Debug|Win32
		{865A2852-367D-4A04-B17E-B4053AABFA6F}.Debug|Mixed Platforms.ActiveCfg = Debug|Win32
		{865A2852-367D-4A04-B17E-B4053AABFA6F}.Debug|Mixed Platforms.Build.0 = Debug|Win32
		{865A2852-367D-4A04-B17E-B4053AABFA6F}.Debug|Win32.ActiveCfg = Debug|Win32
		{865A2852-367D-4A04-B17E-B4053AABFA6F}.Debug|Win32.Build.0 = Debug|Win32
		{865A2852-367D-4A04-B17E-B4053AABFA6F}.Debug|x86.ActiveCfg = Debug|Win32
		{865A2852-367D-4A04-B17E-B4053AABFA6F}.Release|Any CPU.ActiveCfg = Release|Win32
		{865A2852-367D-4A04-B17E-B4053AABFA6F}.Release|Mixed Platforms.ActiveCfg = Release|Win32
		{865A2852-367D-4A04-B17E-B4053AABFA6F}.Release|Mixed Platforms.Build.0 = Release|Win32
		{865A2852-367D-4A04-B17E-B4053AABFA6F}.Release|Win32.ActiveCfg = Release|Win32
		{865A2852-367D-4A04-B17E-B4053AABFA6F}.Release|Win32.Build.0 = Release|Win32
		{865A2852-367D-4A04-B17E-B4053AABFA6F}.Release|x86.ActiveCfg = Release|Win32
		{865A2852-367D-4A04-B17E-B4053AABFA6F}.Template|Any CPU.ActiveCfg = Template|Win32
		{865A2852-367D-4A04-B17E-B4053AABFA6F}.Template|Mixed Platforms.ActiveCfg = Template|Win32
		{865A2852-367D-4A04-B17E-B4053AABFA6F}.Template|Mixed Platforms.Build.0 = Template|Win32
		{865A2852-367D-4A04-B17E-B4053AABFA6F}.Template|Win32.ActiveCfg = Template|Win32
		{865A2852-367D-4A04-B17E-B4053AABFA6F}.Template|Win32.Build.0 = Template|Win32
		{865A2852-367D-4A04-B17E-B4053AABFA6F}.Template|x86.ActiveCfg = Template|Win32
		{01F175D0-86F8-4044-9997-A845323FED48}.Debug|Any CPU.ActiveCfg = Debug|Win32
		{01F175D0-86F8-4044-9997-A845323FED48}.Debug|Mixed Platforms.ActiveCfg = Debug|Win32
		{01F175D0-86F8-4044-9997-A845323FED48}.Debug|Mixed Platforms.Build.0 = Debug|Win32
		{01F175D0-86F8-4044-9997-A845323FED48}.Debug|Win32.ActiveCfg = Debug|Win32
		{01F175D0-86F8-4044-9997-A845323FED48}.Debug|Win32.Build.0 = Debug|Win32
		{01F175D0-86F8-4044-9997-A845323FED48}.Debug|x86.ActiveCfg = Debug|Win32
		{01F175D0-86F8-4044-9997-A845323FED48}.Release|Any CPU.ActiveCfg = Release|Win32
		{01F175D0-86F8-4044-9997-A845323FED48}.Release|Mixed Platforms.ActiveCfg = Release|Win32
		{01F175D0-86F8-4044-9997-A845323FED48}.Release|Mixed Platforms.Build.0 = Release|Win32
		{01F175D0-86F8-4044-9997-A845323FED48}.Release|Win32.ActiveCfg = Release|Win32
		{01F175D0-86F8-4044-9997-A845323FED48}.Release|Win32.Build.0 = Release|Win32
		{01F175D0-86F8-4044-9997-A845323FED48}.Release|x86.ActiveCfg = Release|Win32
		{01F175D0-86F8-4044-9997-A845323FED48}.Template|Any CPU.ActiveCfg = Release|Win32
		{01F175D0-86F8-4044-9997-A845323FED48}.Template|Mixed Platforms.ActiveCfg = Release|Win32
		{01F175D0-86F8-4044-9997-A845323FED48}.Template|Mixed Platforms.Build.0 = Release|Win32
		{01F175D0-86F8-4044-9997-A845323FED48}.Template|Win32.ActiveCfg = Release|Win32
		{01F175D0-86F8-4044-9997-A845323FED48}.Template|Win32.Build.0 = Release|Win32
		{01F175D0-86F8-4044-9997-A845323FED48}.Template|x86.ActiveCfg = Release|Win32
		{AD815BC5-7E77-4F87-AB30-2FE0FC69EC62}.Debug|Any CPU.ActiveCfg = Debug|Win32
		{AD815BC5-7E77-4F87-AB30-2FE0FC69EC62}.Debug|Mixed Platforms.ActiveCfg = Debug|Win32
		{AD815BC5-7E77-4F87-AB30-2FE0FC69EC62}.Debug|Mixed Platforms.Build.0 = Debug|Win32
		{AD815BC5-7E77-4F87-AB30-2FE0FC69EC62}.Debug|Win32.ActiveCfg = Debug|Win32
		{AD815BC5-7E77-4F87-AB30-2FE0FC69EC62}.Debug|Win32.Build.0 = Debug|Win32
		{AD815BC5-7E77-4F87-AB30-2FE0FC69EC62}.Debug|x86.ActiveCfg = Debug|Win32
		{AD815BC5-7E77-4F87-AB30-2FE0FC69EC62}.Release|Any CPU.ActiveCfg = Release|Win32
		{AD815BC5-7E77-4F87-AB30-2FE0FC69EC62}.Release|Mixed Platforms.ActiveCfg = Release|Win32
		{AD815BC5-7E77-4F87-AB30-2FE0FC69EC62}.Release|Mixed Platforms.Build.0 = Release|Win32
		{AD815BC5-7E77-4F87-AB30-2FE0FC69EC62}.Release|Win32.ActiveCfg = Release|Win32
		{AD815BC5-7E77-4F87-AB30-2FE0FC69EC62}.Release|Win32.Build.0 = Release|Win32
		{AD815BC5-7E77-4F87-AB30-2FE0FC69EC62}.Release|x86.ActiveCfg = Release|Win32
		{AD815BC5-7E77-4F87-AB30-2FE0FC69EC62}.Template|Any CPU.ActiveCfg = Release|Win32
		{AD815BC5-7E77-4F87-AB30-2FE0FC69EC62}.Template|Mixed Platforms.ActiveCfg = Release|Win32
		{AD815BC5-7E77-4F87-AB30-2FE0FC69EC62}.Template|Mixed Platforms.Build.0 = Release|Win32
		{AD815BC5-7E77-4F87-AB30-2FE0FC69EC62}.Template|Win32.ActiveCfg = Release|Win32
		{AD815BC5-7E77-4F87-AB30-2FE0FC69EC62}.Template|Win32.Build.0 = Release|Win32
		{AD815BC5-7E77-4F87-AB30-2FE0FC69EC62}.Template|x86.ActiveCfg = Release|Win32
		{15BF75BB-2DFA-4713-B8AE-7B8A2CE78A60}.Debug|Any CPU.ActiveCfg = Debug|Win32
		{15BF75BB-2DFA-4713-B8AE-7B8A2CE78A60}.Debug|Mixed Platforms.ActiveCfg = Debug|Win32
		{15BF75BB-2DFA-4713-B8AE-7B8A2CE78A60}.Debug|Mixed Platforms.Build.0 = Debug|Win32
		{15BF75BB-2DFA-4713-B8AE-7B8A2CE78A60}.Debug|Win32.ActiveCfg = Debug|Win32
		{15BF75BB-2DFA-4713-B8AE-7B8A2CE78A60}.Debug|Win32.Build.0 = Debug|Win32
		{15BF75BB-2DFA-4713-B8AE-7B8A2CE78A60}.Debug|x86.ActiveCfg = Debug|Win32
		{15BF75BB-2DFA-4713-B8AE-7B8A2CE78A60}.Release|Any CPU.ActiveCfg = Release|Win32
		{15BF75BB-2DFA-4713-B8AE-7B8A2CE78A60}.Release|Mixed Platforms.ActiveCfg = Release|Win32
		{15BF75BB-2DFA-4713-B8AE-7B8A2CE78A60}.Release|Mixed Platforms.Build.0 = Release|Win32
		{15BF75BB-2DFA-4713-B8AE-7B8A2CE78A60}.Release|Win32.ActiveCfg = Release|Win32
		{15BF75BB-2DFA-4713-B8AE-7B8A2CE78A60}.Release|Win32.Build.0 = Release|Win32
		{15BF75BB-2DFA-4713-B8AE-7B8A2CE78A60}.Release|x86.ActiveCfg = Release|Win32
		{15BF75BB-2DFA-4713-B8AE-7B8A2CE78A60}.Template|Any CPU.ActiveCfg = Release|Win32
		{15BF75BB-2DFA-4713-B8AE-7B8A2CE78A60}.Template|Mixed Platforms.ActiveCfg = Release|Win32
		{15BF75BB-2DFA-4713-B8AE-7B8A2CE78A60}.Template|Mixed Platforms.Build.0 = Release|Win32
		{15BF75BB-2DFA-4713-B8AE-7B8A2CE78A60}.Template|Win32.ActiveCfg = Release|Win32
		{15BF75BB-2DFA-4713-B8AE-7B8A2CE78A60}.Template|Win32.Build.0 = Release|Win32
		{15BF75BB-2DFA-4713-B8AE-7B8A2CE78A60}.Template|x86.ActiveCfg = Release|Win32
		{B1389F49-0EFB-47D0-9E5E-D2A9E64EC7BF}.Debug|Any CPU.ActiveCfg = Debug|Win32
		{B1389F49-0EFB-47D0-9E5E-D2A9E64EC7BF}.Debug|Mixed Platforms.ActiveCfg = Debug|Win32
		{B1389F49-0EFB-47D0-9E5E-D2A9E64EC7BF}.Debug|Mixed Platforms.Build.0 = Debug|Win32
		{B1389F49-0EFB-47D0-9E5E-D2A9E64EC7BF}.Debug|Win32.ActiveCfg = Debug|Win32
		{B1389F49-0EFB-47D0-9E5E-D2A9E64EC7BF}.Debug|Win32.Build.0 = Debug|Win32
		{B1389F49-0EFB-47D0-9E5E-D2A9E64EC7BF}.Debug|x86.ActiveCfg = Debug|Win32
		{B1389F49-0EFB-47D0-9E5E-D2A9E64EC7BF}.Release|Any CPU.ActiveCfg = Release|Win32
		{B1389F49-0EFB-47D0-9E5E-D2A9E64EC7BF}.Release|Mixed Platforms.ActiveCfg = Release|Win32
		{B1389F49-0EFB-47D0-9E5E-D2A9E64EC7BF}.Release|Mixed Platforms.Build.0 = Release|Win32
		{B1389F49-0EFB-47D0-9E5E-D2A9E64EC7BF}.Release|Win32.ActiveCfg = Release|Win32
		{B1389F49-0EFB-47D0-9E5E-D2A9E64EC7BF}.Release|Win32.Build.0 = Release|Win32
		{B1389F49-0EFB-47D0-9E5E-D2A9E64EC7BF}.Release|x86.ActiveCfg = Release|Win32
		{B1389F49-0EFB-47D0-9E5E-D2A9E64EC7BF}.Template|Any CPU.ActiveCfg = Release|Win32
		{B1389F49-0EFB-47D0-9E5E-D2A9E64EC7BF}.Template|Mixed Platforms.ActiveCfg = Release|Win32
		{B1389F49-0EFB-47D0-9E5E-D2A9E64EC7BF}.Template|Mixed Platforms.Build.0 = Release|Win32
		{B1389F49-0EFB-47D0-9E5E-D2A9E64EC7BF}.Template|Win32.ActiveCfg = Release|Win32
		{B1389F49-0EFB-47D0-9E5E-D2A9E64EC7BF}.Template|Win32.Build.0 = Release|Win32
		{B1389F49-0EFB-47D0-9E5E-D2A9E64EC7BF}.Template|x86.ActiveCfg = Release|Win32
		{35C2BF77-0672-417C-A803-2A8A7CA7719B}.Debug|Any CPU.ActiveCfg = Debug|x86
		{35C2BF77-0672-417C-A803-2A8A7CA7719B}.Debug|Mixed Platforms.ActiveCfg = Debug|x86
		{35C2BF77-0672-417C-A803-2A8A7CA7719B}.Debug|Mixed Platforms.Build.0 = Debug|x86
		{35C2BF77-0672-417C-A803-2A8A7CA7719B}.Debug|Win32.ActiveCfg = Debug|x86
		{35C2BF77-0672-417C-A803-2A8A7CA7719B}.Debug|x86.ActiveCfg = Debug|x86
		{35C2BF77-0672-417C-A803-2A8A7CA7719B}.Debug|x86.Build.0 = Debug|x86
		{35C2BF77-0672-417C-A803-2A8A7CA7719B}.Release|Any CPU.ActiveCfg = Release|x86
		{35C2BF77-0672-417C-A803-2A8A7CA7719B}.Release|Mixed Platforms.ActiveCfg = Release|x86
		{35C2BF77-0672-417C-A803-2A8A7CA7719B}.Release|Mixed Platforms.Build.0 = Release|x86
		{35C2BF77-0672-417C-A803-2A8A7CA7719B}.Release|Win32.ActiveCfg = Release|x86
		{35C2BF77-0672-417C-A803-2A8A7CA7719B}.Release|x86.ActiveCfg = Release|x86
		{35C2BF77-0672-417C-A803-2A8A7CA7719B}.Release|x86.Build.0 = Release|x86
		{35C2BF77-0672-417C-A803-2A8A7CA7719B}.Template|Any CPU.ActiveCfg = Release|x86
		{35C2BF77-0672-417C-A803-2A8A7CA7719B}.Template|Mixed Platforms.ActiveCfg = Release|x86
		{35C2BF77-0672-417C-A803-2A8A7CA7719B}.Template|Mixed Platforms.Build.0 = Release|x86
		{35C2BF77-0672-417C-A803-2A8A7CA7719B}.Template|Win32.ActiveCfg = Release|x86
		{35C2BF77-0672-417C-A803-2A8A7CA7719B}.Template|x86.ActiveCfg = Release|x86
		{35C2BF77-0672-417C-A803-2A8A7CA7719B}.Template|x86.Build.0 = Release|x86
		{A146B78B-A8E7-40B4-A3E1-251FA3489E3F}.Debug|Any CPU.ActiveCfg = Debug|x86
		{A146B78B-A8E7-40B4-A3E1-251FA3489E3F}.Debug|Mixed Platforms.ActiveCfg = Debug|x86
		{A146B78B-A8E7-40B4-A3E1-251FA3489E3F}.Debug|Mixed Platforms.Build.0 = Debug|x86
		{A146B78B-A8E7-40B4-A3E1-251FA3489E3F}.Debug|Win32.ActiveCfg = Debug|x86
		{A146B78B-A8E7-40B4-A3E1-251FA3489E3F}.Debug|x86.ActiveCfg = Debug|x86
		{A146B78B-A8E7-40B4-A3E1-251FA3489E3F}.Debug|x86.Build.0 = Debug|x86
		{A146B78B-A8E7-40B4-A3E1-251FA3489E3F}.Release|Any CPU.ActiveCfg = Release|x86
		{A146B78B-A8E7-40B4-A3E1-251FA3489E3F}.Release|Mixed Platforms.ActiveCfg = Release|x86
		{A146B78B-A8E7-40B4-A3E1-251FA3489E3F}.Release|Mixed Platforms.Build.0 = Release|x86
		{A146B78B-A8E7-40B4-A3E1-251FA3489E3F}.Release|Win32.ActiveCfg = Release|x86
		{A146B78B-A8E7-40B4-A3E1-251FA3489E3F}.Release|x86.ActiveCfg = Release|x86
		{A146B78B-A8E7-40B4-A3E1-251FA3489E3F}.Release|x86.Build.0 = Release|x86
		{A146B78B-A8E7-40B4-A3E1-251FA3489E3F}.Template|Any CPU.ActiveCfg = Release|x86
		{A146B78B-A8E7-40B4-A3E1-251FA3489E3F}.Template|Mixed Platforms.ActiveCfg = Release|x86
		{A146B78B-A8E7-40B4-A3E1-251FA3489E3F}.Template|Mixed Platforms.Build.0 = Release|x86
		{A146B78B-A8E7-40B4-A3E1-251FA3489E3F}.Template|Win32.ActiveCfg = Release|x86
		{A146B78B-A8E7-40B4-A3E1-251FA3489E3F}.Template|x86.ActiveCfg = Release|x86
		{A146B78B-A8E7-40B4-A3E1-251FA3489E3F}.Template|x86.Build.0 = Release|x86
		{A3BF4738-8B49-4277-BAB6-62A3FA5A6A34}.Debug|Any CPU.ActiveCfg = Debug|Win32
		{A3BF4738-8B49-4277-BAB6-62A3FA5A6A34}.Debug|Mixed Platforms.ActiveCfg = Debug|Win32
		{A3BF4738-8B49-4277-BAB6-62A3FA5A6A34}.Debug|Mixed Platforms.Build.0 = Debug|Win32
		{A3BF4738-8B49-4277-BAB6-62A3FA5A6A34}.Debug|Win32.ActiveCfg = Debug|Win32
		{A3BF4738-8B49-4277-BAB6-62A3FA5A6A34}.Debug|Win32.Build.0 = Debug|Win32
		{A3BF4738-8B49-4277-BAB6-62A3FA5A6A34}.Debug|x86.ActiveCfg = Debug|Win32
		{A3BF4738-8B49-4277-BAB6-62A3FA5A6A34}.Release|Any CPU.ActiveCfg = Release|Win32
		{A3BF4738-8B49-4277-BAB6-62A3FA5A6A34}.Release|Mixed Platforms.ActiveCfg = Release|Win32
		{A3BF4738-8B49-4277-BAB6-62A3FA5A6A34}.Release|Mixed Platforms.Build.0 = Release|Win32
		{A3BF4738-8B49-4277-BAB6-62A3FA5A6A34}.Release|Win32.ActiveCfg = Release|Win32
		{A3BF4738-8B49-4277-BAB6-62A3FA5A6A34}.Release|Win32.Build.0 = Release|Win32
		{A3BF4738-8B49-4277-BAB6-62A3FA5A6A34}.Release|x86.ActiveCfg = Release|Win32
		{A3BF4738-8B49-4277-BAB6-62A3FA5A6A34}.Template|Any CPU.ActiveCfg = Release|Win32
		{A3BF4738-8B49-4277-BAB6-62A3FA5A6A34}.Template|Mixed Platforms.ActiveCfg = Release|Win32
		{A3BF4738-8B49-4277-BAB6-62A3FA5A6A34}.Template|Mixed Platforms.Build.0 = Release|Win32
		{A3BF4738-8B49-4277-BAB6-62A3FA5A6A34}.Template|Win32.ActiveCfg = Release|Win32
		{A3BF4738-8B49-4277-BAB6-62A3FA5A6A34}.Template|Win32.Build.0 = Release|Win32
		{A3BF4738-8B49-4277-BAB6-62A3FA5A6A34}.Template|x86.ActiveCfg = Release|Win32
	EndGlobalSection
	GlobalSection(SolutionProperties) = preSolution
		HideSolutionNode = FALSE
	EndGlobalSection
	GlobalSection(NestedProjects) = preSolution
		{53A084DD-87AB-4BB7-B087-DBBD7A9E3B7F} = {A0522352-DC14-4D03-B847-D3355A621347}
		{01F175D0-86F8-4044-9997-A845323FED48} = {AE225766-452C-4509-90D8-EEBEB8BE1A4E}
		{1BBD7BB8-43C1-42D9-A4B2-0E7A2E8F3FDE} = {940CE870-C174-4EAF-BA37-BF880F47F91A}
		{AD815BC5-7E77-4F87-AB30-2FE0FC69EC62} = {1BBD7BB8-43C1-42D9-A4B2-0E7A2E8F3FDE}
		{15BF75BB-2DFA-4713-B8AE-7B8A2CE78A60} = {1BBD7BB8-43C1-42D9-A4B2-0E7A2E8F3FDE}
		{B1389F49-0EFB-47D0-9E5E-D2A9E64EC7BF} = {1BBD7BB8-43C1-42D9-A4B2-0E7A2E8F3FDE}
		{35C2BF77-0672-417C-A803-2A8A7CA7719B} = {2BF2BB95-A384-4566-AA6D-6C3680798ED0}
		{A146B78B-A8E7-40B4-A3E1-251FA3489E3F} = {2BF2BB95-A384-4566-AA6D-6C3680798ED0}
		{A3BF4738-8B49-4277-BAB6-62A3FA5A6A34} = {2BF2BB95-A384-4566-AA6D-6C3680798ED0}
	EndGlobalSection
EndGlobal
