
Microsoft Visual Studio Solution File, Format Version 11.00
# Visual Studio 2010
Project("{8BC9CEB8-8B4A-11D0-8D11-00A0C91BC942}") = "realizer", "realizer\realizer.vcxproj", "{936EDD66-ABBF-40E5-804B-564DA1BFEDE9}"
EndProject
Project("{8BC9CEB8-8B4A-11D0-8D11-00A0C91BC942}") = "raise", "..\..\raise\raise\raise.vcxproj", "{BD3D8A71-E80C-42DB-B0F3-59F9AA8660E5}"
EndProject
Global
	GlobalSection(SolutionConfigurationPlatforms) = preSolution
		Debug|Win32 = Debug|Win32
		Release|Win32 = Release|Win32
		Template|Win32 = Template|Win32
	EndGlobalSection
	GlobalSection(ProjectConfigurationPlatforms) = postSolution
		{936EDD66-ABBF-40E5-804B-564DA1BFEDE9}.Debug|Win32.ActiveCfg = DebugStatic|Win32
		{936EDD66-ABBF-40E5-804B-564DA1BFEDE9}.Debug|Win32.Build.0 = DebugStatic|Win32
		{936EDD66-ABBF-40E5-804B-564DA1BFEDE9}.Release|Win32.ActiveCfg = Release|Win32
		{936EDD66-ABBF-40E5-804B-564DA1BFEDE9}.Release|Win32.Build.0 = Release|Win32
		{936EDD66-ABBF-40E5-804B-564DA1BFEDE9}.Template|Win32.ActiveCfg = Release|Win32
		{936EDD66-ABBF-40E5-804B-564DA1BFEDE9}.Template|Win32.Build.0 = Release|Win32
		{BD3D8A71-E80C-42DB-B0F3-59F9AA8660E5}.Debug|Win32.ActiveCfg = Debug|Win32
		{BD3D8A71-E80C-42DB-B0F3-59F9AA8660E5}.Debug|Win32.Build.0 = Debug|Win32
		{BD3D8A71-E80C-42DB-B0F3-59F9AA8660E5}.Release|Win32.ActiveCfg = Release|Win32
		{BD3D8A71-E80C-42DB-B0F3-59F9AA8660E5}.Release|Win32.Build.0 = Release|Win32
		{BD3D8A71-E80C-42DB-B0F3-59F9AA8660E5}.Template|Win32.ActiveCfg = Template|Win32
		{BD3D8A71-E80C-42DB-B0F3-59F9AA8660E5}.Template|Win32.Build.0 = Template|Win32
	EndGlobalSection
	GlobalSection(SolutionProperties) = preSolution
		HideSolutionNode = FALSE
	EndGlobalSection
EndGlobal
