<?xml version="1.0" encoding="utf-8"?>
<Project ToolsVersion="4.0" xmlns="http://schemas.microsoft.com/developer/msbuild/2003">
  <ItemGroup>
    <Filter Include="Source Files">
      <UniqueIdentifier>{4FC737F1-C7A5-4376-A066-2A32D752A2FF}</UniqueIdentifier>
      <Extensions>cpp;c;cc;cxx;def;odl;idl;hpj;bat;asm;asmx</Extensions>
    </Filter>
    <Filter Include="Header Files">
      <UniqueIdentifier>{93995380-89BD-4b04-88EB-625FBE52EBFB}</UniqueIdentifier>
      <Extensions>h;hpp;hxx;hm;inl;inc;xsd</Extensions>
    </Filter>
    <Filter Include="Resource Files">
      <UniqueIdentifier>{67DA6AB6-F800-4c08-8B7A-83BB121AAD01}</UniqueIdentifier>
      <Extensions>rc;ico;cur;bmp;dlg;rc2;rct;bin;rgs;gif;jpg;jpeg;jpe;resx;tiff;tif;png;wav;mfcribbon-ms</Extensions>
    </Filter>
    <Filter Include="Editors">
      <UniqueIdentifier>{8f742142-c924-4ea3-a350-50b5eafbfe22}</UniqueIdentifier>
    </Filter>
    <Filter Include="Editors\Text Editor">
      <UniqueIdentifier>{c023f826-c10d-48b0-9f6b-25196d4b845a}</UniqueIdentifier>
    </Filter>
    <Filter Include="Base">
      <UniqueIdentifier>{d26c2061-2f14-452c-8686-9b815f87ccf9}</UniqueIdentifier>
    </Filter>
    <Filter Include="Editors\Binary Editor">
      <UniqueIdentifier>{acaf84dd-9b38-444c-afa6-7a04905582ab}</UniqueIdentifier>
    </Filter>
    <Filter Include="Editors\GUI Editor">
      <UniqueIdentifier>{d15106b9-fb54-4577-aa99-276843a34363}</UniqueIdentifier>
    </Filter>
    <Filter Include="Project">
      <UniqueIdentifier>{d9364e62-1d8b-4d14-a874-8d8a61ec3bcd}</UniqueIdentifier>
    </Filter>
    <Filter Include="Dialogs">
      <UniqueIdentifier>{fc096844-be56-4382-8030-3dcee573ef05}</UniqueIdentifier>
    </Filter>
    <Filter Include="Editors\Terrain Editor">
      <UniqueIdentifier>{2635406e-8116-4670-8b8e-b40a58551554}</UniqueIdentifier>
    </Filter>
  </ItemGroup>
  <ItemGroup>
    <ClInclude Include="reditor.h">
      <Filter>Source Files</Filter>
    </ClInclude>
    <ClInclude Include="stdafx.h">
      <Filter>Header Files</Filter>
    </ClInclude>
    <ClInclude Include="rstartpage.h">
      <Filter>Base</Filter>
    </ClInclude>
    <ClInclude Include="rdocumentview.h">
      <Filter>Base</Filter>
    </ClInclude>
    <ClInclude Include="rdocument.h">
      <Filter>Base</Filter>
    </ClInclude>
    <ClInclude Include="rpageview.h">
      <Filter>Base</Filter>
    </ClInclude>
    <ClInclude Include="rtextview.h">
      <Filter>Editors\Text Editor</Filter>
    </ClInclude>
    <ClInclude Include="rtextdocument.h">
      <Filter>Editors\Text Editor</Filter>
    </ClInclude>
    <ClInclude Include="reditorskin.h">
      <Filter>Base</Filter>
    </ClInclude>
    <ClInclude Include="rstartpagebutton.h">
      <Filter>Base</Filter>
    </ClInclude>
    <ClInclude Include="reditorcommands.h">
      <Filter>Base</Filter>
    </ClInclude>
    <ClInclude Include="rproject.h">
      <Filter>Project</Filter>
    </ClInclude>
    <ClInclude Include="rprojectfolder.h">
      <Filter>Project</Filter>
    </ClInclude>
    <ClInclude Include="rprojectsource.h">
      <Filter>Project</Filter>
    </ClInclude>
    <ClInclude Include="rnewprojectdialog.h">
      <Filter>Dialogs</Filter>
    </ClInclude>
    <ClInclude Include="rguiview.h">
      <Filter>Editors\GUI Editor</Filter>
    </ClInclude>
    <ClInclude Include="rguidocument.h">
      <Filter>Editors\GUI Editor</Filter>
    </ClInclude>
    <ClInclude Include="rterrainview.h">
      <Filter>Editors\Terrain Editor</Filter>
    </ClInclude>
    <ClInclude Include="rterraindocument.h">
      <Filter>Editors\Terrain Editor</Filter>
    </ClInclude>
  </ItemGroup>
  <ItemGroup>
    <ClCompile Include="winmain.cpp">
      <Filter>Source Files</Filter>
    </ClCompile>
    <ClCompile Include="reditor.cpp">
      <Filter>Source Files</Filter>
    </ClCompile>
    <ClCompile Include="stdafx.cpp">
      <Filter>Header Files</Filter>
    </ClCompile>
    <ClCompile Include="rstartpage.cpp">
      <Filter>Base</Filter>
    </ClCompile>
    <ClCompile Include="rdocumentview.cpp">
      <Filter>Base</Filter>
    </ClCompile>
    <ClCompile Include="rpageview.cpp">
      <Filter>Base</Filter>
    </ClCompile>
    <ClCompile Include="rtextview.cpp">
      <Filter>Editors\Text Editor</Filter>
    </ClCompile>
    <ClCompile Include="rtextdocument.cpp">
      <Filter>Editors\Text Editor</Filter>
    </ClCompile>
    <ClCompile Include="rdocument.cpp">
      <Filter>Base</Filter>
    </ClCompile>
    <ClCompile Include="rstartpagebutton.cpp">
      <Filter>Base</Filter>
    </ClCompile>
    <ClCompile Include="reditorcommands.cpp">
      <Filter>Base</Filter>
    </ClCompile>
    <ClCompile Include="rproject.cpp">
      <Filter>Project</Filter>
    </ClCompile>
    <ClCompile Include="rprojectfolder.cpp">
      <Filter>Project</Filter>
    </ClCompile>
    <ClCompile Include="rprojectsource.cpp">
      <Filter>Project</Filter>
    </ClCompile>
    <ClCompile Include="rnewprojectdialog.cpp">
      <Filter>Dialogs</Filter>
    </ClCompile>
    <ClCompile Include="rguiview.cpp">
      <Filter>Editors\GUI Editor</Filter>
    </ClCompile>
    <ClCompile Include="rguidocument.cpp">
      <Filter>Editors\GUI Editor</Filter>
    </ClCompile>
    <ClCompile Include="rterrainview.cpp">
      <Filter>Editors\Terrain Editor</Filter>
    </ClCompile>
    <ClCompile Include="rterraindocument.cpp">
      <Filter>Editors\Terrain Editor</Filter>
    </ClCompile>
  </ItemGroup>
</Project>