<?xml version="1.0" encoding="utf-8"?>
<Project ToolsVersion="4.0" xmlns="http://schemas.microsoft.com/developer/msbuild/2003">
  <ItemGroup>
    <Filter Include="Source Files">
      <UniqueIdentifier>{4FC737F1-C7A5-4376-A066-2A32D752A2FF}</UniqueIdentifier>
      <Extensions>cpp;c;cc;cxx;def;odl;idl;hpj;bat;asm;asmx</Extensions>
    </Filter>
    <Filter Include="Header Files">
      <UniqueIdentifier>{93995380-89BD-4b04-88EB-625FBE52EBFB}</UniqueIdentifier>
      <Extensions>h;hpp;hxx;hm;inl;inc;xsd</Extensions>
    </Filter>
    <Filter Include="Resource Files">
      <UniqueIdentifier>{67DA6AB6-F800-4c08-8B7A-83BB121AAD01}</UniqueIdentifier>
      <Extensions>rc;ico;cur;bmp;dlg;rc2;rct;bin;rgs;gif;jpg;jpeg;jpe;resx;tiff;tif;png;wav;mfcribbon-ms</Extensions>
    </Filter>
    <Filter Include="Source Files\Core">
      <UniqueIdentifier>{cc9325b6-28d9-4450-a607-1d5d67d35507}</UniqueIdentifier>
    </Filter>
    <Filter Include="Source Files\Visual">
      <UniqueIdentifier>{a518ec6b-6848-42df-9b85-96d6e31dcbb3}</UniqueIdentifier>
    </Filter>
    <Filter Include="Source Files\Visual\Material System">
      <UniqueIdentifier>{3279a779-9d68-4531-ad36-97a74cb1689b}</UniqueIdentifier>
    </Filter>
    <Filter Include="Source Files\Visual\RendererDX9">
      <UniqueIdentifier>{2efe5f7e-77f8-4104-9723-ecbb351954c8}</UniqueIdentifier>
    </Filter>
    <Filter Include="Source Files\Visual\GUI">
      <UniqueIdentifier>{633b31ab-d37a-4939-9335-e7d1a5dea8d1}</UniqueIdentifier>
    </Filter>
    <Filter Include="Source Files\Input">
      <UniqueIdentifier>{78a70caa-587f-4209-932a-d422b4020644}</UniqueIdentifier>
    </Filter>
  </ItemGroup>
  <ItemGroup>
    <ClInclude Include="stdafx.h">
      <Filter>Header Files</Filter>
    </ClInclude>
    <ClInclude Include="crenderwindow.h">
      <Filter>Source Files\Core</Filter>
    </ClInclude>
    <ClInclude Include="cwindows.h">
      <Filter>Source Files\Core</Filter>
    </ClInclude>
    <ClInclude Include="clinux.h">
      <Filter>Source Files\Core</Filter>
    </ClInclude>
    <ClInclude Include="gevent.h">
      <Filter>Source Files\Visual\GUI</Filter>
    </ClInclude>
    <ClInclude Include="cviewport.h">
      <Filter>Source Files\Core</Filter>
    </ClInclude>
    <ClInclude Include="realizertypes.h">
      <Filter>Source Files</Filter>
    </ClInclude>
    <ClInclude Include="vrendererdx9.h">
      <Filter>Source Files\Visual\RendererDX9</Filter>
    </ClInclude>
    <ClInclude Include="vtexture.h">
      <Filter>Source Files\Visual\Material System</Filter>
    </ClInclude>
    <ClInclude Include="vrenderer.h">
      <Filter>Source Files\Visual</Filter>
    </ClInclude>
    <ClInclude Include="cresource.h">
      <Filter>Source Files\Core</Filter>
    </ClInclude>
    <ClInclude Include="cengine.h">
      <Filter>Source Files\Core</Filter>
    </ClInclude>
    <ClInclude Include="chooks.h">
      <Filter>Source Files\Core</Filter>
    </ClInclude>
    <ClInclude Include="cinput.h">
      <Filter>Source Files\Input</Filter>
    </ClInclude>
    <ClInclude Include="vtexturemanager.h">
      <Filter>Source Files\Visual\Material System</Filter>
    </ClInclude>
  </ItemGroup>
  <ItemGroup>
    <ClCompile Include="stdafx.cpp">
      <Filter>Source Files</Filter>
    </ClCompile>
    <ClCompile Include="realizer.cpp">
      <Filter>Source Files</Filter>
    </ClCompile>
    <ClCompile Include="cwindows.cpp">
      <Filter>Source Files\Core</Filter>
    </ClCompile>
    <ClCompile Include="crenderwindow.cpp">
      <Filter>Source Files\Core</Filter>
    </ClCompile>
    <ClCompile Include="vrendererdx9.cpp">
      <Filter>Source Files\Visual\RendererDX9</Filter>
    </ClCompile>
    <ClCompile Include="cengine.cpp">
      <Filter>Source Files\Core</Filter>
    </ClCompile>
  </ItemGroup>
</Project>