<?xml version="1.0" encoding="utf-8"?>
<Project ToolsVersion="4.0" xmlns="http://schemas.microsoft.com/developer/msbuild/2003">
  <ItemGroup>
    <Filter Include="Source Files">
      <UniqueIdentifier>{4FC737F1-C7A5-4376-A066-2A32D752A2FF}</UniqueIdentifier>
      <Extensions>cpp;c;cc;cxx;def;odl;idl;hpj;bat;asm;asmx</Extensions>
    </Filter>
    <Filter Include="Header Files">
      <UniqueIdentifier>{93995380-89BD-4b04-88EB-625FBE52EBFB}</UniqueIdentifier>
      <Extensions>h;hpp;hxx;hm;inl;inc;xsd</Extensions>
    </Filter>
    <Filter Include="Resource Files">
      <UniqueIdentifier>{67DA6AB6-F800-4c08-8B7A-83BB121AAD01}</UniqueIdentifier>
      <Extensions>rc;ico;cur;bmp;dlg;rc2;rct;bin;rgs;gif;jpg;jpeg;jpe;resx;tiff;tif;png;wav;mfcribbon-ms</Extensions>
    </Filter>
    <Filter Include="Source Files\Core">
      <UniqueIdentifier>{cc9325b6-28d9-4450-a607-1d5d67d35507}</UniqueIdentifier>
    </Filter>
    <Filter Include="Source Files\Visual">
      <UniqueIdentifier>{a518ec6b-6848-42df-9b85-96d6e31dcbb3}</UniqueIdentifier>
    </Filter>
    <Filter Include="Source Files\Visual\Material System">
      <UniqueIdentifier>{3279a779-9d68-4531-ad36-97a74cb1689b}</UniqueIdentifier>
    </Filter>
    <Filter Include="Source Files\Visual\RendererDX9">
      <UniqueIdentifier>{2efe5f7e-77f8-4104-9723-ecbb351954c8}</UniqueIdentifier>
    </Filter>
    <Filter Include="Source Files\Visual\GUI">
      <UniqueIdentifier>{633b31ab-d37a-4939-9335-e7d1a5dea8d1}</UniqueIdentifier>
    </Filter>
    <Filter Include="Source Files\Game">
      <UniqueIdentifier>{aa779be0-95b2-4fef-be98-f0536726d704}</UniqueIdentifier>
    </Filter>
    <Filter Include="Source Files\Visual\Scene">
      <UniqueIdentifier>{89a69471-45f9-4ad1-ad46-9d1fcdd806e3}</UniqueIdentifier>
    </Filter>
    <Filter Include="Source Files\Tools">
      <UniqueIdentifier>{fac6c169-4164-4f29-a720-15828b9af870}</UniqueIdentifier>
    </Filter>
    <Filter Include="Source Files\Tools\IO">
      <UniqueIdentifier>{296c0f7b-ed2a-4663-9acd-9d884a32ac31}</UniqueIdentifier>
    </Filter>
    <Filter Include="Source Files\Tools\Console">
      <UniqueIdentifier>{6e6861f6-d505-420e-a621-673def5bee86}</UniqueIdentifier>
    </Filter>
    <Filter Include="Source Files\Visual\Model">
      <UniqueIdentifier>{afef5612-82cb-4157-bdb0-504de3a8eda0}</UniqueIdentifier>
    </Filter>
    <Filter Include="Source Files\Visual\GUI\Base">
      <UniqueIdentifier>{9b0a7514-b1f9-4aa0-b640-79c0596fe220}</UniqueIdentifier>
    </Filter>
    <Filter Include="Source Files\Visual\GUI\Components">
      <UniqueIdentifier>{b0f0d776-900a-49bf-877a-5732e980bd70}</UniqueIdentifier>
    </Filter>
    <Filter Include="Source Files\Visual\GUI\Components\Containers">
      <UniqueIdentifier>{ac8256ab-e687-4f4f-a795-70b187c7d254}</UniqueIdentifier>
    </Filter>
    <Filter Include="Source Files\Visual\GUI\Font">
      <UniqueIdentifier>{7495b78e-ae11-4d78-a57c-7f49e42680fd}</UniqueIdentifier>
    </Filter>
    <Filter Include="Source Files\Visual\GUI\Skin">
      <UniqueIdentifier>{326f3a9a-7d09-4555-8e6e-92d04b1322ed}</UniqueIdentifier>
    </Filter>
    <Filter Include="Source Files\Extensibility">
      <UniqueIdentifier>{6be1595c-dfda-4c14-a223-1745cc27150a}</UniqueIdentifier>
    </Filter>
    <Filter Include="Source Files\Visual\Animation">
      <UniqueIdentifier>{1f79d5c8-e71d-4687-98f4-c023f88c2b58}</UniqueIdentifier>
    </Filter>
    <Filter Include="Source Files\Visual\Scene\Canvas">
      <UniqueIdentifier>{f5479d8e-7472-46d6-999b-2e119e41c644}</UniqueIdentifier>
    </Filter>
    <Filter Include="Source Files\Visual\Scene\Nodes">
      <UniqueIdentifier>{99ad0765-aff8-4772-92cf-cd63ed3ceb99}</UniqueIdentifier>
    </Filter>
    <Filter Include="Source Files\Tools\Content">
      <UniqueIdentifier>{596d26ca-8f26-4f3d-8213-2fe65d95787b}</UniqueIdentifier>
    </Filter>
  </ItemGroup>
  <ItemGroup>
    <ClInclude Include="stdafx.h">
      <Filter>Header Files</Filter>
    </ClInclude>
    <ClInclude Include="cwindows.h">
      <Filter>Source Files\Core</Filter>
    </ClInclude>
    <ClInclude Include="clinux.h">
      <Filter>Source Files\Core</Filter>
    </ClInclude>
    <ClInclude Include="gevent.h">
      <Filter>Source Files\Visual\GUI</Filter>
    </ClInclude>
    <ClInclude Include="cviewport.h">
      <Filter>Source Files\Core</Filter>
    </ClInclude>
    <ClInclude Include="vrendererdx9.h">
      <Filter>Source Files\Visual\RendererDX9</Filter>
    </ClInclude>
    <ClInclude Include="vtexture.h">
      <Filter>Source Files\Visual\Material System</Filter>
    </ClInclude>
    <ClInclude Include="vrenderer.h">
      <Filter>Source Files\Visual</Filter>
    </ClInclude>
    <ClInclude Include="cresource.h">
      <Filter>Source Files\Core</Filter>
    </ClInclude>
    <ClInclude Include="cengine.h">
      <Filter>Source Files\Core</Filter>
    </ClInclude>
    <ClInclude Include="chooks.h">
      <Filter>Source Files\Core</Filter>
    </ClInclude>
    <ClInclude Include="vtexturemanager.h">
      <Filter>Source Files\Visual\Material System</Filter>
    </ClInclude>
    <ClInclude Include="gentity.h">
      <Filter>Source Files\Game</Filter>
    </ClInclude>
    <ClInclude Include="realizer.h">
      <Filter>Header Files</Filter>
    </ClInclude>
    <ClInclude Include="realizertypes.h">
      <Filter>Header Files</Filter>
    </ClInclude>
    <ClInclude Include="vscenemanager.h">
      <Filter>Source Files\Visual\Scene</Filter>
    </ClInclude>
    <ClInclude Include="cdisplaydevice.h">
      <Filter>Source Files\Core</Filter>
    </ClInclude>
    <ClInclude Include="tfilesystem.h">
      <Filter>Source Files\Tools\IO</Filter>
    </ClInclude>
    <ClInclude Include="tmount.h">
      <Filter>Source Files\Tools\IO</Filter>
    </ClInclude>
    <ClInclude Include="tfoldermount.h">
      <Filter>Source Files\Tools\IO</Filter>
    </ClInclude>
    <ClInclude Include="vvertexstream.h">
      <Filter>Source Files\Visual\Model</Filter>
    </ClInclude>
    <ClInclude Include="vtextureformats.h">
      <Filter>Source Files\Visual\Material System</Filter>
    </ClInclude>
    <ClInclude Include="vvertexbuffer.h">
      <Filter>Source Files\Visual\Model</Filter>
    </ClInclude>
    <ClInclude Include="vvertexbufferformat.h">
      <Filter>Source Files\Visual\Model</Filter>
    </ClInclude>
    <ClInclude Include="vtypesdx9.h">
      <Filter>Source Files\Visual\RendererDX9</Filter>
    </ClInclude>
    <ClInclude Include="ctiming.h">
      <Filter>Source Files\Core</Filter>
    </ClInclude>
    <ClInclude Include="gobject.h">
      <Filter>Source Files\Visual\GUI\Base</Filter>
    </ClInclude>
    <ClInclude Include="vscene.h">
      <Filter>Source Files\Visual\Scene</Filter>
    </ClInclude>
    <ClInclude Include="vdraw.h">
      <Filter>Source Files\Visual\Model</Filter>
    </ClInclude>
    <ClInclude Include="genums.h">
      <Filter>Source Files\Visual\GUI\Base</Filter>
    </ClInclude>
    <ClInclude Include="gwindow.h">
      <Filter>Source Files\Visual\GUI\Components\Containers</Filter>
    </ClInclude>
    <ClInclude Include="vgui.h">
      <Filter>Source Files\Visual\GUI</Filter>
    </ClInclude>
    <ClInclude Include="gschemedskin.h">
      <Filter>Source Files\Visual\GUI\Skin</Filter>
    </ClInclude>
    <ClInclude Include="vtexturepart.h">
      <Filter>Source Files\Visual\Model</Filter>
    </ClInclude>
    <ClInclude Include="gquad.h">
      <Filter>Source Files\Visual\GUI\Base</Filter>
    </ClInclude>
    <ClInclude Include="gschemedskinbuilder.h">
      <Filter>Source Files\Visual\GUI\Skin</Filter>
    </ClInclude>
    <ClInclude Include="gbutton.h">
      <Filter>Source Files\Visual\GUI\Components</Filter>
    </ClInclude>
    <ClInclude Include="gfont.h">
      <Filter>Source Files\Visual\GUI\Font</Filter>
    </ClInclude>
    <ClInclude Include="gskin.h">
      <Filter>Source Files\Visual\GUI\Skin</Filter>
    </ClInclude>
    <ClInclude Include="gskinmanager.h">
      <Filter>Source Files\Visual\GUI\Skin</Filter>
    </ClInclude>
    <ClInclude Include="gfontmanager.h">
      <Filter>Source Files\Visual\GUI\Font</Filter>
    </ClInclude>
    <ClInclude Include="gfontloader.h">
      <Filter>Source Files\Visual\GUI\Font</Filter>
    </ClInclude>
    <ClInclude Include="cextension.h">
      <Filter>Source Files\Extensibility</Filter>
    </ClInclude>
    <ClInclude Include="gfontcache.h">
      <Filter>Source Files\Visual\GUI\Font</Filter>
    </ClInclude>
    <ClInclude Include="glabel.h">
      <Filter>Source Files\Visual\GUI\Components</Filter>
    </ClInclude>
    <ClInclude Include="gcheckbox.h">
      <Filter>Source Files\Visual\GUI\Components</Filter>
    </ClInclude>
    <ClInclude Include="gradiobutton.h">
      <Filter>Source Files\Visual\GUI\Components</Filter>
    </ClInclude>
    <ClInclude Include="gprogressbar.h">
      <Filter>Source Files\Visual\GUI\Components</Filter>
    </ClInclude>
    <ClInclude Include="gtimer.h">
      <Filter>Source Files\Visual\GUI\Components</Filter>
    </ClInclude>
    <ClInclude Include="gcomponents.h">
      <Filter>Source Files\Visual\GUI</Filter>
    </ClInclude>
    <ClInclude Include="gtextbox.h">
      <Filter>Source Files\Visual\GUI\Components</Filter>
    </ClInclude>
    <ClInclude Include="gtextboxbase.h">
      <Filter>Source Files\Visual\GUI\Components</Filter>
    </ClInclude>
    <ClInclude Include="vanimationsimple.h">
      <Filter>Source Files\Visual\Animation</Filter>
    </ClInclude>
    <ClInclude Include="vanimation.h">
      <Filter>Source Files\Visual\Animation</Filter>
    </ClInclude>
    <ClInclude Include="vanimationbuilder.h">
      <Filter>Source Files\Visual\Animation</Filter>
    </ClInclude>
    <ClInclude Include="vanimationmulti.h">
      <Filter>Source Files\Visual\Animation</Filter>
    </ClInclude>
    <ClInclude Include="vnodecanvas.h">
      <Filter>Source Files\Visual\Scene\Canvas</Filter>
    </ClInclude>
    <ClInclude Include="vnodecanvasimage.h">
      <Filter>Source Files\Visual\Scene\Canvas</Filter>
    </ClInclude>
    <ClInclude Include="cloader.h">
      <Filter>Source Files\Core</Filter>
    </ClInclude>
    <ClInclude Include="realizerversion.h">
      <Filter>Header Files</Filter>
    </ClInclude>
    <ClInclude Include="vscenelayered.h">
      <Filter>Source Files\Visual\Scene</Filter>
    </ClInclude>
    <ClInclude Include="gconsole.h">
      <Filter>Source Files\Visual\GUI\Components</Filter>
    </ClInclude>
    <ClInclude Include="vscenerender.h">
      <Filter>Source Files\Visual\Scene</Filter>
    </ClInclude>
    <ClInclude Include="cinput.h">
      <Filter>Source Files\Core</Filter>
    </ClInclude>
    <ClInclude Include="ccommand.h">
      <Filter>Source Files\Core</Filter>
    </ClInclude>
    <ClInclude Include="cresourcemanager.h">
      <Filter>Source Files\Core</Filter>
    </ClInclude>
    <ClInclude Include="gwireframeskin.h">
      <Filter>Source Files\Visual\GUI\Skin</Filter>
    </ClInclude>
    <ClInclude Include="vscenegraph.h">
      <Filter>Source Files\Visual\Scene</Filter>
    </ClInclude>
    <ClInclude Include="vnodeanimation.h">
      <Filter>Source Files\Visual\Scene\Nodes</Filter>
    </ClInclude>
    <ClInclude Include="vnode.h">
      <Filter>Source Files\Visual\Scene\Nodes</Filter>
    </ClInclude>
    <ClInclude Include="vnodeterrain.h">
      <Filter>Source Files\Visual\Scene\Nodes</Filter>
    </ClInclude>
    <ClInclude Include="vheightmapgenerator.h">
      <Filter>Source Files\Tools\Content</Filter>
    </ClInclude>
    <ClInclude Include="vworldgenerator.h">
      <Filter>Source Files\Tools\Content</Filter>
    </ClInclude>
    <ClInclude Include="vplantgenerator.h">
      <Filter>Source Files\Tools\Content</Filter>
    </ClInclude>
    <ClInclude Include="gmenustrip.h">
      <Filter>Source Files\Visual\GUI\Components</Filter>
    </ClInclude>
    <ClInclude Include="glayout.h">
      <Filter>Source Files\Visual\GUI\Base</Filter>
    </ClInclude>
    <ClInclude Include="gdropdown.h">
      <Filter>Source Files\Visual\GUI\Components</Filter>
    </ClInclude>
    <ClInclude Include="gdesktop.h">
      <Filter>Source Files\Visual\GUI\Components\Containers</Filter>
    </ClInclude>
    <ClInclude Include="gmenuitem.h">
      <Filter>Source Files\Visual\GUI\Components</Filter>
    </ClInclude>
    <ClInclude Include="gimagelist.h">
      <Filter>Source Files\Visual\GUI\Components</Filter>
    </ClInclude>
    <ClInclude Include="gimage.h">
      <Filter>Source Files\Visual\GUI\Components</Filter>
    </ClInclude>
    <ClInclude Include="gtoolstrip.h">
      <Filter>Source Files\Visual\GUI\Components</Filter>
    </ClInclude>
    <ClInclude Include="gscrollbar.h">
      <Filter>Source Files\Visual\GUI\Components</Filter>
    </ClInclude>
    <ClInclude Include="glistbox.h">
      <Filter>Source Files\Visual\GUI\Components</Filter>
    </ClInclude>
    <ClInclude Include="gbuttonbase.h">
      <Filter>Source Files\Visual\GUI\Components</Filter>
    </ClInclude>
    <ClInclude Include="gtabcontrol.h">
      <Filter>Source Files\Visual\GUI\Components\Containers</Filter>
    </ClInclude>
  </ItemGroup>
  <ItemGroup>
    <ClCompile Include="stdafx.cpp">
      <Filter>Source Files</Filter>
    </ClCompile>
    <ClCompile Include="realizer.cpp">
      <Filter>Source Files</Filter>
    </ClCompile>
    <ClCompile Include="cwindows.cpp">
      <Filter>Source Files\Core</Filter>
    </ClCompile>
    <ClCompile Include="vrendererdx9.cpp">
      <Filter>Source Files\Visual\RendererDX9</Filter>
    </ClCompile>
    <ClCompile Include="cengine.cpp">
      <Filter>Source Files\Core</Filter>
    </ClCompile>
    <ClCompile Include="tfilesystem.cpp">
      <Filter>Source Files\Tools\IO</Filter>
    </ClCompile>
    <ClCompile Include="tmount.cpp">
      <Filter>Source Files\Tools\IO</Filter>
    </ClCompile>
    <ClCompile Include="vvertexstream.cpp">
      <Filter>Source Files\Visual\Model</Filter>
    </ClCompile>
    <ClCompile Include="vtexture.cpp">
      <Filter>Source Files\Visual\Material System</Filter>
    </ClCompile>
    <ClCompile Include="vtextureformats.cpp">
      <Filter>Source Files\Visual\Material System</Filter>
    </ClCompile>
    <ClCompile Include="vtexturemanager.cpp">
      <Filter>Source Files\Visual\Material System</Filter>
    </ClCompile>
    <ClCompile Include="vvertexbufferformat.cpp">
      <Filter>Source Files\Visual\Model</Filter>
    </ClCompile>
    <ClCompile Include="vvertexbuffer.cpp">
      <Filter>Source Files\Visual\Model</Filter>
    </ClCompile>
    <ClCompile Include="vtextureconverters.cpp">
      <Filter>Source Files\Visual\Material System</Filter>
    </ClCompile>
    <ClCompile Include="vdraw.cpp">
      <Filter>Source Files\Visual\Model</Filter>
    </ClCompile>
    <ClCompile Include="gwindow.cpp">
      <Filter>Source Files\Visual\GUI\Components\Containers</Filter>
    </ClCompile>
    <ClCompile Include="gschemedskin.cpp">
      <Filter>Source Files\Visual\GUI\Skin</Filter>
    </ClCompile>
    <ClCompile Include="vtexturepart.cpp">
      <Filter>Source Files\Visual\Model</Filter>
    </ClCompile>
    <ClCompile Include="gquad.cpp">
      <Filter>Source Files\Visual\GUI\Base</Filter>
    </ClCompile>
    <ClCompile Include="gschemedskinbuilder.cpp">
      <Filter>Source Files\Visual\GUI\Skin</Filter>
    </ClCompile>
    <ClCompile Include="gobject.cpp">
      <Filter>Source Files\Visual\GUI\Base</Filter>
    </ClCompile>
    <ClCompile Include="vgui.cpp">
      <Filter>Source Files\Visual\GUI</Filter>
    </ClCompile>
    <ClCompile Include="gbutton.cpp">
      <Filter>Source Files\Visual\GUI\Components</Filter>
    </ClCompile>
    <ClCompile Include="gfontmanager.cpp">
      <Filter>Source Files\Visual\GUI\Font</Filter>
    </ClCompile>
    <ClCompile Include="gfont.cpp">
      <Filter>Source Files\Visual\GUI\Font</Filter>
    </ClCompile>
    <ClCompile Include="gfontbmf.cpp">
      <Filter>Source Files\Visual\GUI\Font</Filter>
    </ClCompile>
    <ClCompile Include="gskinmanager.cpp">
      <Filter>Source Files\Visual\GUI\Skin</Filter>
    </ClCompile>
    <ClCompile Include="gfontloader.cpp">
      <Filter>Source Files\Visual\GUI\Font</Filter>
    </ClCompile>
    <ClCompile Include="gfontcache.cpp">
      <Filter>Source Files\Visual\GUI\Font</Filter>
    </ClCompile>
    <ClCompile Include="glabel.cpp">
      <Filter>Source Files\Visual\GUI\Components</Filter>
    </ClCompile>
    <ClCompile Include="gcheckbox.cpp">
      <Filter>Source Files\Visual\GUI\Components</Filter>
    </ClCompile>
    <ClCompile Include="gradiobutton.cpp">
      <Filter>Source Files\Visual\GUI\Components</Filter>
    </ClCompile>
    <ClCompile Include="gprogressbar.cpp">
      <Filter>Source Files\Visual\GUI\Components</Filter>
    </ClCompile>
    <ClCompile Include="gtimer.cpp">
      <Filter>Source Files\Visual\GUI\Components</Filter>
    </ClCompile>
    <ClCompile Include="gtextbox.cpp">
      <Filter>Source Files\Visual\GUI\Components</Filter>
    </ClCompile>
    <ClCompile Include="gtextboxbase.cpp">
      <Filter>Source Files\Visual\GUI\Components</Filter>
    </ClCompile>
    <ClCompile Include="vanimation.cpp">
      <Filter>Source Files\Visual\Animation</Filter>
    </ClCompile>
    <ClCompile Include="vnodecanvas.cpp">
      <Filter>Source Files\Visual\Scene\Canvas</Filter>
    </ClCompile>
    <ClCompile Include="gconsole.cpp">
      <Filter>Source Files\Visual\GUI\Components</Filter>
    </ClCompile>
    <ClCompile Include="vscenerender.cpp">
      <Filter>Source Files\Visual\Scene</Filter>
    </ClCompile>
    <ClCompile Include="ccommand.cpp">
      <Filter>Source Files\Core</Filter>
    </ClCompile>
    <ClCompile Include="gwireframeskin.cpp">
      <Filter>Source Files\Visual\GUI\Skin</Filter>
    </ClCompile>
    <ClCompile Include="vnodeanimation.cpp">
      <Filter>Source Files\Visual\Scene\Nodes</Filter>
    </ClCompile>
    <ClCompile Include="vworldgenerator.cpp">
      <Filter>Source Files\Tools\Content</Filter>
    </ClCompile>
    <ClCompile Include="gmenustrip.cpp">
      <Filter>Source Files\Visual\GUI\Components</Filter>
    </ClCompile>
    <ClCompile Include="glayout.cpp">
      <Filter>Source Files\Visual\GUI\Base</Filter>
    </ClCompile>
    <ClCompile Include="gdropdown.cpp">
      <Filter>Source Files\Visual\GUI\Components</Filter>
    </ClCompile>
    <ClCompile Include="gmenuitem.cpp">
      <Filter>Source Files\Visual\GUI\Components</Filter>
    </ClCompile>
    <ClCompile Include="gimagelist.cpp">
      <Filter>Source Files\Visual\GUI\Components</Filter>
    </ClCompile>
    <ClCompile Include="gimage.cpp">
      <Filter>Source Files\Visual\GUI\Components</Filter>
    </ClCompile>
    <ClCompile Include="gtoolstrip.cpp">
      <Filter>Source Files\Visual\GUI\Components</Filter>
    </ClCompile>
    <ClCompile Include="gdeskop.cpp">
      <Filter>Source Files\Visual\GUI\Components</Filter>
    </ClCompile>
    <ClCompile Include="gscrollbar.cpp">
      <Filter>Source Files\Visual\GUI\Components</Filter>
    </ClCompile>
    <ClCompile Include="glistbox.cpp">
      <Filter>Source Files\Visual\GUI\Components</Filter>
    </ClCompile>
    <ClCompile Include="gbuttonbase.cpp">
      <Filter>Source Files\Visual\GUI\Components</Filter>
    </ClCompile>
    <ClCompile Include="gtabcontrol.cpp">
      <Filter>Source Files\Visual\GUI\Components\Containers</Filter>
    </ClCompile>
  </ItemGroup>
  <ItemGroup>
    <None Include="vrenderertypes.h">
      <Filter>Source Files\Visual</Filter>
    </None>
    <None Include="important.txt" />
  </ItemGroup>
</Project>